<?xml version="1.0" encoding="utf-8"?>
<Project ToolsVersion="4.0" xmlns="http://schemas.microsoft.com/developer/msbuild/2003">
  <ItemGroup>
    <Filter Include="Source Files">
      <UniqueIdentifier>{4FC737F1-C7A5-4376-A066-2A32D752A2FF}</UniqueIdentifier>
      <Extensions>cpp;c;cc;cxx;def;odl;idl;hpj;bat;asm;asmx</Extensions>
    </Filter>
    <Filter Include="Header Files">
      <UniqueIdentifier>{93995380-89BD-4b04-88EB-625FBE52EBFB}</UniqueIdentifier>
      <Extensions>h;hh;hpp;hxx;hm;inl;inc;xsd</Extensions>
    </Filter>
    <Filter Include="Resource Files">
      <UniqueIdentifier>{67DA6AB6-F800-4c08-8B7A-83BB121AAD01}</UniqueIdentifier>
      <Extensions>rc;ico;cur;bmp;dlg;rc2;rct;bin;rgs;gif;jpg;jpeg;jpe;resx;tiff;tif;png;wav;mfcribbon-ms</Extensions>
    </Filter>
    <Filter Include="Header Files\Helios">
      <UniqueIdentifier>{b388032f-8bff-4bad-a9c3-e4d9420206cb}</UniqueIdentifier>
    </Filter>
    <Filter Include="Header Files\Util">
      <UniqueIdentifier>{55d354d7-980c-451a-ae6d-f8f9e68cb619}</UniqueIdentifier>
    </Filter>
    <Filter Include="Source Files\Util">
      <UniqueIdentifier>{45a53794-d859-4d47-bf09-d7a7c9cae5e9}</UniqueIdentifier>
    </Filter>
    <Filter Include="Source Files\Helios">
      <UniqueIdentifier>{4e239c09-1664-4bc3-ae2c-108b9f168662}</UniqueIdentifier>
    </Filter>
    <Filter Include="Header Files\Helios\Helios Main">
      <UniqueIdentifier>{d9d136b7-529a-4732-99e2-0da461a708da}</UniqueIdentifier>
    </Filter>
    <Filter Include="Header Files\Local Objects">
      <UniqueIdentifier>{d7fcc1ab-7ad2-43e1-8927-0822455abd33}</UniqueIdentifier>
    </Filter>
    <Filter Include="Source Files\Local Objects">
      <UniqueIdentifier>{d0ff720c-e2db-4f40-a7e2-f0a68ad7aa6a}</UniqueIdentifier>
    </Filter>
    <Filter Include="Source Files\Helios\Helios Main">
      <UniqueIdentifier>{0c718a37-5f82-4e67-862b-ade107380a4c}</UniqueIdentifier>
    </Filter>
    <Filter Include="Documentation">
      <UniqueIdentifier>{144b5a6f-f04a-4bbb-be4b-063ae7d5d503}</UniqueIdentifier>
    </Filter>
  </ItemGroup>
  <ItemGroup>
    <ClCompile Include="main.cpp">
      <Filter>Source Files</Filter>
    </ClCompile>
    <ClCompile Include="Helios\helios_baseobj.cpp">
      <Filter>Source Files\Helios\Helios Main</Filter>
    </ClCompile>
    <ClCompile Include="Helios\helios_room.cpp">
      <Filter>Source Files\Helios\Helios Main</Filter>
    </ClCompile>
    <ClCompile Include="Helios\helios_sprobj.cpp">
      <Filter>Source Files\Helios\Helios Main</Filter>
    </ClCompile>
    <ClCompile Include="Helios\helios_collision.cpp">
      <Filter>Source Files\Helios</Filter>
    </ClCompile>
    <ClCompile Include="Helios\helios_dynamic.cpp">
      <Filter>Source Files\Helios\Helios Main</Filter>
    </ClCompile>
    <ClCompile Include="aoe_unit.cpp">
      <Filter>Source Files\Local Objects</Filter>
    </ClCompile>
  </ItemGroup>
  <ItemGroup>
    <ClInclude Include="Helios\helios_baseobj.h">
      <Filter>Header Files\Helios\Helios Main</Filter>
    </ClInclude>
    <ClInclude Include="Helios\helios_main.h">
      <Filter>Header Files\Helios\Helios Main</Filter>
    </ClInclude>
    <ClInclude Include="Helios\helios_room.h">
      <Filter>Header Files\Helios\Helios Main</Filter>
    </ClInclude>
    <ClInclude Include="Helios\helios_sprobj.h">
      <Filter>Header Files\Helios\Helios Main</Filter>
    </ClInclude>
    <ClInclude Include="Helios\helios_collision.h">
      <Filter>Header Files\Helios</Filter>
    </ClInclude>
    <ClInclude Include="debug.h">
      <Filter>Header Files\Util</Filter>
    </ClInclude>
    <ClInclude Include="Helios\helios_dynamic.h">
      <Filter>Header Files\Helios\Helios Main</Filter>
    </ClInclude>
    <ClInclude Include="aoe_unit.h">
      <Filter>Header Files\Local Objects</Filter>
    </ClInclude>
  </ItemGroup>
  <ItemGroup>
    <None Include="ClassDiagram.cd" />
    <None Include="Documentation\html\index.html">
      <Filter>Documentation</Filter>
    </None>
  </ItemGroup>
</Project>