// !$*UTF8*$!
{
	archiveVersion = 1;
	classes = {
	};
	objectVersion = 46;
	objects = {

/* Begin PBXBuildFile section */
		C804069A1C3D0CCC00EABB07 /* ResourcePath.mm in Sources */ = {isa = PBXBuildFile; fileRef = C80406991C3D0CCC00EABB07 /* ResourcePath.mm */; };
		C80406A01C3D0CCC00EABB07 /* cute_image.jpg in Resources */ = {isa = PBXBuildFile; fileRef = C804069F1C3D0CCC00EABB07 /* cute_image.jpg */; };
		C80406A21C3D0CCC00EABB07 /* nice_music.ogg in Resources */ = {isa = PBXBuildFile; fileRef = C80406A11C3D0CCC00EABB07 /* nice_music.ogg */; };
		C80406A41C3D0CCC00EABB07 /* sansation.ttf in Resources */ = {isa = PBXBuildFile; fileRef = C80406A31C3D0CCC00EABB07 /* sansation.ttf */; };
		C80406A61C3D0CCC00EABB07 /* icon.png in Resources */ = {isa = PBXBuildFile; fileRef = C80406A51C3D0CCC00EABB07 /* icon.png */; };
		C80406B51C3D0CF700EABB07 /* ppc_computer.cpp in Sources */ = {isa = PBXBuildFile; fileRef = C80406AD1C3D0CF700EABB07 /* ppc_computer.cpp */; };
		C80406B61C3D0CF700EABB07 /* ppc_window.cpp in Sources */ = {isa = PBXBuildFile; fileRef = C80406B01C3D0CF700EABB07 /* ppc_window.cpp */; };
		C80406B71C3D0CF700EABB07 /* ppc_window_feature.cpp in Sources */ = {isa = PBXBuildFile; fileRef = C80406B21C3D0CF700EABB07 /* ppc_window_feature.cpp */; };
		C80406B91C3D0D0800EABB07 /* main.cpp in Sources */ = {isa = PBXBuildFile; fileRef = C80406B81C3D0D0800EABB07 /* main.cpp */; };
/* End PBXBuildFile section */

/* Begin PBXFileReference section */
		C80406941C3D0CCC00EABB07 /* Project-Perfect-Citizen-Mac.app */ = {isa = PBXFileReference; explicitFileType = wrapper.application; includeInIndex = 0; path = "Project-Perfect-Citizen-Mac.app"; sourceTree = BUILT_PRODUCTS_DIR; };
		C80406981C3D0CCC00EABB07 /* Project-Perfect-Citizen-Mac-Info.plist */ = {isa = PBXFileReference; lastKnownFileType = text.plist.xml; path = "Project-Perfect-Citizen-Mac-Info.plist"; sourceTree = "<group>"; };
		C80406991C3D0CCC00EABB07 /* ResourcePath.mm */ = {isa = PBXFileReference; lastKnownFileType = sourcecode.cpp.objcpp; path = ResourcePath.mm; sourceTree = "<group>"; };
		C804069B1C3D0CCC00EABB07 /* ResourcePath.hpp */ = {isa = PBXFileReference; lastKnownFileType = sourcecode.cpp.h; path = ResourcePath.hpp; sourceTree = "<group>"; };
		C804069F1C3D0CCC00EABB07 /* cute_image.jpg */ = {isa = PBXFileReference; lastKnownFileType = image.jpeg; path = cute_image.jpg; sourceTree = "<group>"; };
		C80406A11C3D0CCC00EABB07 /* nice_music.ogg */ = {isa = PBXFileReference; lastKnownFileType = file; path = nice_music.ogg; sourceTree = "<group>"; };
		C80406A31C3D0CCC00EABB07 /* sansation.ttf */ = {isa = PBXFileReference; lastKnownFileType = file; path = sansation.ttf; sourceTree = "<group>"; };
		C80406A51C3D0CCC00EABB07 /* icon.png */ = {isa = PBXFileReference; lastKnownFileType = image.png; path = icon.png; sourceTree = "<group>"; };
		C80406AD1C3D0CF700EABB07 /* ppc_computer.cpp */ = {isa = PBXFileReference; fileEncoding = 4; lastKnownFileType = sourcecode.cpp.cpp; path = ppc_computer.cpp; sourceTree = "<group>"; };
		C80406AE1C3D0CF700EABB07 /* ppc_computer.h */ = {isa = PBXFileReference; fileEncoding = 4; lastKnownFileType = sourcecode.c.h; path = ppc_computer.h; sourceTree = "<group>"; };
		C80406AF1C3D0CF700EABB07 /* ppc_entity.h */ = {isa = PBXFileReference; fileEncoding = 4; lastKnownFileType = sourcecode.c.h; path = ppc_entity.h; sourceTree = "<group>"; };
		C80406B01C3D0CF700EABB07 /* ppc_window.cpp */ = {isa = PBXFileReference; fileEncoding = 4; lastKnownFileType = sourcecode.cpp.cpp; path = ppc_window.cpp; sourceTree = "<group>"; };
		C80406B11C3D0CF700EABB07 /* ppc_window.h */ = {isa = PBXFileReference; fileEncoding = 4; lastKnownFileType = sourcecode.c.h; path = ppc_window.h; sourceTree = "<group>"; };
		C80406B21C3D0CF700EABB07 /* ppc_window_feature.cpp */ = {isa = PBXFileReference; fileEncoding = 4; lastKnownFileType = sourcecode.cpp.cpp; path = ppc_window_feature.cpp; sourceTree = "<group>"; };
		C80406B31C3D0CF700EABB07 /* ppc_window_feature.h */ = {isa = PBXFileReference; fileEncoding = 4; lastKnownFileType = sourcecode.c.h; path = ppc_window_feature.h; sourceTree = "<group>"; };
		C80406B41C3D0CF700EABB07 /* ppc_world.h */ = {isa = PBXFileReference; fileEncoding = 4; lastKnownFileType = sourcecode.c.h; path = ppc_world.h; sourceTree = "<group>"; };
		C80406B81C3D0D0800EABB07 /* main.cpp */ = {isa = PBXFileReference; fileEncoding = 4; lastKnownFileType = sourcecode.cpp.cpp; path = main.cpp; sourceTree = "<group>"; };
/* End PBXFileReference section */

/* Begin PBXFrameworksBuildPhase section */
		C80406901C3D0CCC00EABB07 /* Frameworks */ = {
			isa = PBXFrameworksBuildPhase;
			buildActionMask = 2147483647;
			files = (
			);
			runOnlyForDeploymentPostprocessing = 0;
		};
/* End PBXFrameworksBuildPhase section */

/* Begin PBXGroup section */
		C804068A1C3D0CCC00EABB07 = {
			isa = PBXGroup;
			children = (
				C80406961C3D0CCC00EABB07 /* Project-Perfect-Citizen-Mac */,
				C80406951C3D0CCC00EABB07 /* Products */,
			);
			sourceTree = "<group>";
		};
		C80406951C3D0CCC00EABB07 /* Products */ = {
			isa = PBXGroup;
			children = (
				C80406941C3D0CCC00EABB07 /* Project-Perfect-Citizen-Mac.app */,
			);
			name = Products;
			sourceTree = "<group>";
		};
		C80406961C3D0CCC00EABB07 /* Project-Perfect-Citizen-Mac */ = {
			isa = PBXGroup;
			children = (
				C80406B81C3D0D0800EABB07 /* main.cpp */,
				C80406AC1C3D0CF700EABB07 /* Engine */,
				C80406991C3D0CCC00EABB07 /* ResourcePath.mm */,
				C804069B1C3D0CCC00EABB07 /* ResourcePath.hpp */,
				C804069E1C3D0CCC00EABB07 /* Resources */,
				C80406971C3D0CCC00EABB07 /* Supporting Files */,
			);
			path = "Project-Perfect-Citizen-Mac";
			sourceTree = "<group>";
		};
		C80406971C3D0CCC00EABB07 /* Supporting Files */ = {
			isa = PBXGroup;
			children = (
				C80406981C3D0CCC00EABB07 /* Project-Perfect-Citizen-Mac-Info.plist */,
			);
			name = "Supporting Files";
			sourceTree = "<group>";
		};
		C804069E1C3D0CCC00EABB07 /* Resources */ = {
			isa = PBXGroup;
			children = (
				C804069F1C3D0CCC00EABB07 /* cute_image.jpg */,
				C80406A11C3D0CCC00EABB07 /* nice_music.ogg */,
				C80406A31C3D0CCC00EABB07 /* sansation.ttf */,
				C80406A51C3D0CCC00EABB07 /* icon.png */,
			);
			name = Resources;
			sourceTree = "<group>";
		};
		C80406AC1C3D0CF700EABB07 /* Engine */ = {
			isa = PBXGroup;
			children = (
				C80406AD1C3D0CF700EABB07 /* ppc_computer.cpp */,
				C80406AE1C3D0CF700EABB07 /* ppc_computer.h */,
				C80406AF1C3D0CF700EABB07 /* ppc_entity.h */,
				C80406B01C3D0CF700EABB07 /* ppc_window.cpp */,
				C80406B11C3D0CF700EABB07 /* ppc_window.h */,
				C80406B21C3D0CF700EABB07 /* ppc_window_feature.cpp */,
				C80406B31C3D0CF700EABB07 /* ppc_window_feature.h */,
				C80406B41C3D0CF700EABB07 /* ppc_world.h */,
			);
			path = Engine;
			sourceTree = "<group>";
		};
/* End PBXGroup section */

/* Begin PBXNativeTarget section */
		C80406931C3D0CCC00EABB07 /* Project-Perfect-Citizen-Mac */ = {
			isa = PBXNativeTarget;
			buildConfigurationList = C80406A91C3D0CCC00EABB07 /* Build configuration list for PBXNativeTarget "Project-Perfect-Citizen-Mac" */;
			buildPhases = (
				C804068F1C3D0CCC00EABB07 /* Sources */,
				C80406901C3D0CCC00EABB07 /* Frameworks */,
				C80406911C3D0CCC00EABB07 /* Resources */,
				C80406921C3D0CCC00EABB07 /* ShellScript */,
			);
			buildRules = (
			);
			dependencies = (
			);
			name = "Project-Perfect-Citizen-Mac";
			productName = "Project-Perfect-Citizen-Mac";
			productReference = C80406941C3D0CCC00EABB07 /* Project-Perfect-Citizen-Mac.app */;
			productType = "com.apple.product-type.application";
		};
/* End PBXNativeTarget section */

/* Begin PBXProject section */
		C804068B1C3D0CCC00EABB07 /* Project object */ = {
			isa = PBXProject;
			attributes = {
				LastUpgradeCheck = 0710;
				ORGANIZATIONNAME = "Michael Lowe";
				TargetAttributes = {
					C80406931C3D0CCC00EABB07 = {
						CreatedOnToolsVersion = 7.1.1;
					};
				};
			};
			buildConfigurationList = C804068E1C3D0CCC00EABB07 /* Build configuration list for PBXProject "Project-Perfect-Citizen-Mac" */;
			compatibilityVersion = "Xcode 3.2";
			developmentRegion = English;
			hasScannedForEncodings = 0;
			knownRegions = (
				en,
			);
			mainGroup = C804068A1C3D0CCC00EABB07;
			productRefGroup = C80406951C3D0CCC00EABB07 /* Products */;
			projectDirPath = "";
			projectRoot = "";
			targets = (
				C80406931C3D0CCC00EABB07 /* Project-Perfect-Citizen-Mac */,
			);
		};
/* End PBXProject section */

/* Begin PBXResourcesBuildPhase section */
		C80406911C3D0CCC00EABB07 /* Resources */ = {
			isa = PBXResourcesBuildPhase;
			buildActionMask = 2147483647;
			files = (
				C80406A61C3D0CCC00EABB07 /* icon.png in Resources */,
				C80406A41C3D0CCC00EABB07 /* sansation.ttf in Resources */,
				C80406A21C3D0CCC00EABB07 /* nice_music.ogg in Resources */,
				C80406A01C3D0CCC00EABB07 /* cute_image.jpg in Resources */,
			);
			runOnlyForDeploymentPostprocessing = 0;
		};
/* End PBXResourcesBuildPhase section */

/* Begin PBXShellScriptBuildPhase section */
		C80406921C3D0CCC00EABB07 /* ShellScript */ = {
			isa = PBXShellScriptBuildPhase;
			buildActionMask = 2147483647;
			files = (
			);
			inputPaths = (
			);
			outputPaths = (
			);
			runOnlyForDeploymentPostprocessing = 0;
			shellPath = /bin/sh;
			shellScript = "# This shell script simply copies required SFML dylibs/frameworks into the application bundle frameworks folder.\n# If you're using static libraries (which is not recommended) you should remove this script from your project.\n\n# SETTINGS\nCMAKE_INSTALL_FRAMEWORK_PREFIX=\"/Library/Frameworks\"\nCMAKE_INSTALL_LIB_PREFIX=\"/usr/local/lib\"\nFRAMEWORKS_FULL_PATH=\"$BUILT_PRODUCTS_DIR/$FRAMEWORKS_FOLDER_PATH/\"\n\n# Are we building a project that uses frameworks or dylibs?\ncase \"$SFML_BINARY_TYPE\" in\n    DYLIBS)\n        frameworks=\"false\"\n        ;;\n    *)\n        frameworks=\"true\"\n        ;;\nesac\n\n# Echoes to stderr\nerror () # $* message to display\n{\n    echo $* 1>&2\n    exit 2\n}\n\nassert () # $1 is a boolean, $2...N is an error message\n{\n    if [ $# -lt 2 ]\n    then\n        error \"Internal error in assert: not enough args\"\n    fi\n\n    if [ $1 -ne 0 ]\n    then\n        shift\n        error \"$*\"\n    fi\n}\n\nforce_remove () # $@ is some paths\n{\n    test $# -ge 1\n    assert $? \"force_remove() requires at least one parameter\"\n    rm -fr $@\n    assert $? \"couldn't remove $@\"\n}\n\ncopy () # $1 is a source, $2 is a destination\n{\n    test $# -eq 2\n    assert $? \"copy() requires two parameters\"\n    ditto \"$1\" \"$2\"\n    assert $? \"couldn't copy $1 to $2\"\n}\n\nrequire () # $1 is a SFML module like 'system' or 'audio'\n{\n    dest=\"$BUILT_PRODUCTS_DIR/$FRAMEWORKS_FOLDER_PATH/\"\n\n    if [ -z \"$1\" ]\n    then\n        error \"require() requires one parameter!\"\n    else\n        # clean potentially old stuff\n        force_remove \"$dest/libsfml-$1\"*\n        force_remove \"$dest/sfml-$1.framework\"\n\n        # copy SFML libraries\n        if [ \"$frameworks\" = \"true\" ]\n        then\n            source=\"$CMAKE_INSTALL_FRAMEWORK_PREFIX/sfml-$1.framework\"\n            target=\"sfml-$1.framework\"\n        elif [ \"$SFML_LINK_DYLIBS_SUFFIX\" = \"-d\" ]\n        then\n            source=\"$CMAKE_INSTALL_LIB_PREFIX/libsfml-$1-d.dylib\"\n            target=\"`readlink $source`\"\n        else\n            source=\"$CMAKE_INSTALL_LIB_PREFIX/libsfml-$1.dylib\"\n            target=\"`readlink $source`\"\n        fi\n\n        copy \"$source\" \"$dest/$target\"\n\n        # copy extra dependencies\n        if [ \"$1\" = \"audio\" ]\n        then\n            # copy \"FLAC\" \"ogg\" \"vorbis\" \"vorbisenc\" \"vorbisfile\" \"OpenAL\" frameworks too\n            for f in \"FLAC\" \"ogg\" \"vorbis\" \"vorbisenc\" \"vorbisfile\" \"OpenAL\"\n            do\n                copy \"$CMAKE_INSTALL_FRAMEWORK_PREFIX/$f.framework\" \"$dest/$f.framework\"\n            done\n        elif [ \"$1\" = \"graphics\" ]\n        then\n            copy \"$CMAKE_INSTALL_FRAMEWORK_PREFIX/freetype.framework\" \"$dest/freetype.framework\"\n        fi\n    fi\n}\n\nif [ -n \"$SFML_SYSTEM\" ]\nthen\n    require \"system\"\nfi\n\nif [ -n \"$SFML_AUDIO\" ]\nthen\n    require \"audio\"\nfi\n\nif [ -n \"$SFML_NETWORK\" ]\nthen\n    require \"network\"\nfi\n\nif [ -n \"$SFML_WINDOW\" ]\nthen\n    require \"window\"\nfi\n\nif [ -n \"$SFML_GRAPHICS\" ]\nthen\n    require \"graphics\"\nfi\n\n                ";
		};
/* End PBXShellScriptBuildPhase section */

/* Begin PBXSourcesBuildPhase section */
		C804068F1C3D0CCC00EABB07 /* Sources */ = {
			isa = PBXSourcesBuildPhase;
			buildActionMask = 2147483647;
			files = (
				C80406B71C3D0CF700EABB07 /* ppc_window_feature.cpp in Sources */,
				C80406B61C3D0CF700EABB07 /* ppc_window.cpp in Sources */,
				C80406B51C3D0CF700EABB07 /* ppc_computer.cpp in Sources */,
				C80406B91C3D0D0800EABB07 /* main.cpp in Sources */,
				C804069A1C3D0CCC00EABB07 /* ResourcePath.mm in Sources */,
			);
			runOnlyForDeploymentPostprocessing = 0;
		};
/* End PBXSourcesBuildPhase section */

/* Begin XCBuildConfiguration section */
		C80406A71C3D0CCC00EABB07 /* Debug */ = {
			isa = XCBuildConfiguration;
			buildSettings = {
				ARCHS = (
					i386,
					x86_64,
				);
				CLANG_CXX_LANGUAGE_STANDARD = "c++0x";
				CLANG_CXX_LIBRARY = "libc++";
				FRAMEWORK_SEARCH_PATHS = (
					/Library/Frameworks/,
					"$(inherited)",
				);
				GCC_VERSION = com.apple.compilers.llvm.clang.1_0;
				HEADER_SEARCH_PATHS = (
					/usr/local/include/,
					"$(inherited)",
				);
				LIBRARY_SEARCH_PATHS = (
					/usr/local/lib/,
					"$(inherited)",
				);
				MACOSX_DEPLOYMENT_TARGET = 10.7;
				OTHER_LDFLAGS = (
					"$(inherited)",
					"$(SFML_SYSTEM)",
					"$(SFML_WINDOW)",
					"$(SFML_GRAPHICS)",
					"$(SFML_AUDIO)",
					"$(SFML_NETWORK)",
				);
				SFML_AUDIO = "$(SFML_LINK_PREFIX) sfml-audio$(SFML_LINK_SUFFIX)";
				SFML_BINARY_TYPE = FRAMEWORKS;
				SFML_GRAPHICS = "$(SFML_LINK_PREFIX) sfml-graphics$(SFML_LINK_SUFFIX)";
				SFML_LINK_DYLIBS_PREFIX = "-l";
				SFML_LINK_DYLIBS_SUFFIX = "";
				SFML_LINK_FRAMEWORKS_PREFIX = "-framework";
				SFML_LINK_FRAMEWORKS_SUFFIX = "";
				SFML_LINK_PREFIX = "$(SFML_LINK_$(SFML_BINARY_TYPE)_PREFIX)";
				SFML_LINK_SUFFIX = "$(SFML_LINK_$(SFML_BINARY_TYPE)_SUFFIX)";
				SFML_NETWORK = "$(SFML_LINK_PREFIX) sfml-network$(SFML_LINK_SUFFIX)";
				SFML_SYSTEM = "$(SFML_LINK_PREFIX) sfml-system$(SFML_LINK_SUFFIX)";
				SFML_WINDOW = "$(SFML_LINK_PREFIX) sfml-window$(SFML_LINK_SUFFIX)";
				SUPPORTED_PLATFORMS = macosx;
			};
			name = Debug;
		};
		C80406A81C3D0CCC00EABB07 /* Release */ = {
			isa = XCBuildConfiguration;
			buildSettings = {
				ARCHS = (
					i386,
					x86_64,
				);
				CLANG_CXX_LANGUAGE_STANDARD = "c++0x";
				CLANG_CXX_LIBRARY = "libc++";
				FRAMEWORK_SEARCH_PATHS = (
					/Library/Frameworks/,
					"$(inherited)",
				);
				GCC_VERSION = com.apple.compilers.llvm.clang.1_0;
				HEADER_SEARCH_PATHS = (
					/usr/local/include/,
					"$(inherited)",
				);
				LIBRARY_SEARCH_PATHS = (
					/usr/local/lib/,
					"$(inherited)",
				);
				MACOSX_DEPLOYMENT_TARGET = 10.7;
				OTHER_LDFLAGS = (
					"$(inherited)",
					"$(SFML_SYSTEM)",
					"$(SFML_WINDOW)",
					"$(SFML_GRAPHICS)",
					"$(SFML_AUDIO)",
					"$(SFML_NETWORK)",
				);
				SFML_AUDIO = "$(SFML_LINK_PREFIX) sfml-audio$(SFML_LINK_SUFFIX)";
				SFML_BINARY_TYPE = FRAMEWORKS;
				SFML_GRAPHICS = "$(SFML_LINK_PREFIX) sfml-graphics$(SFML_LINK_SUFFIX)";
				SFML_LINK_DYLIBS_PREFIX = "-l";
				SFML_LINK_DYLIBS_SUFFIX = "";
				SFML_LINK_FRAMEWORKS_PREFIX = "-framework";
				SFML_LINK_FRAMEWORKS_SUFFIX = "";
				SFML_LINK_PREFIX = "$(SFML_LINK_$(SFML_BINARY_TYPE)_PREFIX)";
				SFML_LINK_SUFFIX = "$(SFML_LINK_$(SFML_BINARY_TYPE)_SUFFIX)";
				SFML_NETWORK = "$(SFML_LINK_PREFIX) sfml-network$(SFML_LINK_SUFFIX)";
				SFML_SYSTEM = "$(SFML_LINK_PREFIX) sfml-system$(SFML_LINK_SUFFIX)";
				SFML_WINDOW = "$(SFML_LINK_PREFIX) sfml-window$(SFML_LINK_SUFFIX)";
				SUPPORTED_PLATFORMS = macosx;
			};
			name = Release;
		};
		C80406AA1C3D0CCC00EABB07 /* Debug */ = {
			isa = XCBuildConfiguration;
			buildSettings = {
				INFOPLIST_FILE = "Project-Perfect-Citizen-Mac/Project-Perfect-Citizen-Mac-Info.plist";
				LD_RUNPATH_SEARCH_PATHS = "@loader_path/../Frameworks";
				PRODUCT_NAME = "$(TARGET_NAME)";
			};
			name = Debug;
		};
		C80406AB1C3D0CCC00EABB07 /* Release */ = {
			isa = XCBuildConfiguration;
			buildSettings = {
				INFOPLIST_FILE = "Project-Perfect-Citizen-Mac/Project-Perfect-Citizen-Mac-Info.plist";
				LD_RUNPATH_SEARCH_PATHS = "@loader_path/../Frameworks";
				PRODUCT_NAME = "$(TARGET_NAME)";
			};
			name = Release;
		};
/* End XCBuildConfiguration section */

/* Begin XCConfigurationList section */
		C804068E1C3D0CCC00EABB07 /* Build configuration list for PBXProject "Project-Perfect-Citizen-Mac" */ = {
			isa = XCConfigurationList;
			buildConfigurations = (
				C80406A71C3D0CCC00EABB07 /* Debug */,
				C80406A81C3D0CCC00EABB07 /* Release */,
			);
			defaultConfigurationIsVisible = 0;
			defaultConfigurationName = Release;
		};
		C80406A91C3D0CCC00EABB07 /* Build configuration list for PBXNativeTarget "Project-Perfect-Citizen-Mac" */ = {
			isa = XCConfigurationList;
			buildConfigurations = (
				C80406AA1C3D0CCC00EABB07 /* Debug */,
				C80406AB1C3D0CCC00EABB07 /* Release */,
			);
			defaultConfigurationIsVisible = 0;
		};
/* End XCConfigurationList section */
	};
	rootObject = C804068B1C3D0CCC00EABB07 /* Project object */;
}
