// !$*UTF8*$!
{
	archiveVersion = 1;
	classes = {
	};
	objectVersion = 46;
	objects = {

/* Begin PBXBuildFile section */
		C812D6151C61D29600901173 /* Wallpaper.png in Resources */ = {isa = PBXBuildFile; fileRef = C812D6141C61D29600901173 /* Wallpaper.png */; };
		C84913C71C6AA82E00F84CB0 /* Icon_Sheet.png in Resources */ = {isa = PBXBuildFile; fileRef = C84913C61C6AA82E00F84CB0 /* Icon_Sheet.png */; };
		C858D3961C61C1BB0086199C /* Windows_UI.png in Resources */ = {isa = PBXBuildFile; fileRef = C858D3951C61C1BB0086199C /* Windows_UI.png */; };
		C86E377C1C4D67F200842EFD /* main.cpp in Sources */ = {isa = PBXBuildFile; fileRef = C86E377A1C4D67F200842EFD /* main.cpp */; };
		C86E37AD1C4D6B5100842EFD /* DoxygenHelp.txt in Resources */ = {isa = PBXBuildFile; fileRef = C86E37A71C4D6B5100842EFD /* DoxygenHelp.txt */; };
		C86E37AE1C4D6B5100842EFD /* LinkHelp.txt in Resources */ = {isa = PBXBuildFile; fileRef = C86E37A81C4D6B5100842EFD /* LinkHelp.txt */; };
		C86E37AF1C4D6B5200842EFD /* EngineSettings.ini in Resources */ = {isa = PBXBuildFile; fileRef = C86E37AA1C4D6B5100842EFD /* EngineSettings.ini */; };
		C86E37B11C4D6B5200842EFD /* kappa.png in Resources */ = {isa = PBXBuildFile; fileRef = C86E37AC1C4D6B5100842EFD /* kappa.png */; };
		C881BEE91C4D7C5B008B1EBD /* ResourcePath.mm in Sources */ = {isa = PBXBuildFile; fileRef = C881BEE81C4D7C5B008B1EBD /* ResourcePath.mm */; };
		E94E75981C72836500C77C60 /* expressionistParser.cpp in Sources */ = {isa = PBXBuildFile; fileRef = E94E75961C72836500C77C60 /* expressionistParser.cpp */; };
		E94E759A1C728D2C00C77C60 /* data.json in Resources */ = {isa = PBXBuildFile; fileRef = E94E75991C728D2C00C77C60 /* data.json */; };
		E959DD0F1C702097001F2CAF /* animatorComponent.cpp in Sources */ = {isa = PBXBuildFile; fileRef = E959DCC01C702097001F2CAF /* animatorComponent.cpp */; };
		E959DD101C702097001F2CAF /* BaseFileType.cpp in Sources */ = {isa = PBXBuildFile; fileRef = E959DCC21C702097001F2CAF /* BaseFileType.cpp */; };
		E959DD111C702097001F2CAF /* BorderDecorator.cpp in Sources */ = {isa = PBXBuildFile; fileRef = E959DCC41C702097001F2CAF /* BorderDecorator.cpp */; };
		E959DD121C702097001F2CAF /* buttonRenderComponent.cpp in Sources */ = {isa = PBXBuildFile; fileRef = E959DCC61C702097001F2CAF /* buttonRenderComponent.cpp */; };
		E959DD131C702097001F2CAF /* ClassDiagram.cd in Resources */ = {isa = PBXBuildFile; fileRef = E959DCC81C702097001F2CAF /* ClassDiagram.cd */; };
		E959DD141C702097001F2CAF /* component.cpp in Sources */ = {isa = PBXBuildFile; fileRef = E959DCC91C702097001F2CAF /* component.cpp */; };
		E959DD151C702097001F2CAF /* ComponentObsvr.cpp in Sources */ = {isa = PBXBuildFile; fileRef = E959DCCB1C702097001F2CAF /* ComponentObsvr.cpp */; };
		E959DD161C702097001F2CAF /* consoleIconRenderComponent.cpp in Sources */ = {isa = PBXBuildFile; fileRef = E959DCCD1C702097001F2CAF /* consoleIconRenderComponent.cpp */; };
		E959DD171C702097001F2CAF /* consoleUpdateComponent.cpp in Sources */ = {isa = PBXBuildFile; fileRef = E959DCCF1C702097001F2CAF /* consoleUpdateComponent.cpp */; };
		E959DD181C702097001F2CAF /* createWindow.cpp in Sources */ = {isa = PBXBuildFile; fileRef = E959DCD11C702097001F2CAF /* createWindow.cpp */; };
		E959DD191C702097001F2CAF /* debug.cpp in Sources */ = {isa = PBXBuildFile; fileRef = E959DCD31C702097001F2CAF /* debug.cpp */; };
		E959DD1A1C702097001F2CAF /* desktop.cpp in Sources */ = {isa = PBXBuildFile; fileRef = E959DCD51C702097001F2CAF /* desktop.cpp */; };
		E959DD1B1C702097001F2CAF /* DesktopLogger.cpp in Sources */ = {isa = PBXBuildFile; fileRef = E959DCD71C702097001F2CAF /* DesktopLogger.cpp */; };
		E959DD1C1C702097001F2CAF /* Entity.cpp in Sources */ = {isa = PBXBuildFile; fileRef = E959DCD91C702097001F2CAF /* Entity.cpp */; };
		E959DD1D1C702097001F2CAF /* EntityDecorator.cpp in Sources */ = {isa = PBXBuildFile; fileRef = E959DCDB1C702097001F2CAF /* EntityDecorator.cpp */; };
		E959DD1E1C702097001F2CAF /* EntityLogger.cpp in Sources */ = {isa = PBXBuildFile; fileRef = E959DCDD1C702097001F2CAF /* EntityLogger.cpp */; };
		E959DD1F1C702097001F2CAF /* InputCmpntLogger.cpp in Sources */ = {isa = PBXBuildFile; fileRef = E959DCE01C702097001F2CAF /* InputCmpntLogger.cpp */; };
		E959DD201C702097001F2CAF /* inputComponent.cpp in Sources */ = {isa = PBXBuildFile; fileRef = E959DCE21C702097001F2CAF /* inputComponent.cpp */; };
		E959DD211C702097001F2CAF /* InputHandler.cpp in Sources */ = {isa = PBXBuildFile; fileRef = E959DCE41C702097001F2CAF /* InputHandler.cpp */; };
		E959DD221C702097001F2CAF /* mousePressButton.cpp in Sources */ = {isa = PBXBuildFile; fileRef = E959DCE61C702097001F2CAF /* mousePressButton.cpp */; };
		E959DD231C702097001F2CAF /* NodeState.cpp in Sources */ = {isa = PBXBuildFile; fileRef = E959DCE81C702097001F2CAF /* NodeState.cpp */; };
		E959DD241C702097001F2CAF /* observer.cpp in Sources */ = {isa = PBXBuildFile; fileRef = E959DCEB1C702097001F2CAF /* observer.cpp */; };
		E959DD251C702097001F2CAF /* RenderCmpntDecorator.cpp in Sources */ = {isa = PBXBuildFile; fileRef = E959DCED1C702097001F2CAF /* RenderCmpntDecorator.cpp */; };
		E959DD261C702097001F2CAF /* RenderCmpntLogger.cpp in Sources */ = {isa = PBXBuildFile; fileRef = E959DCEF1C702097001F2CAF /* RenderCmpntLogger.cpp */; };
		E959DD271C702097001F2CAF /* subject.cpp in Sources */ = {isa = PBXBuildFile; fileRef = E959DCF21C702097001F2CAF /* subject.cpp */; };
		E959DD281C702097001F2CAF /* TestObserver.cpp in Sources */ = {isa = PBXBuildFile; fileRef = E959DCF41C702097001F2CAF /* TestObserver.cpp */; };
		E959DD291C702097001F2CAF /* testRenderSprite.cpp in Sources */ = {isa = PBXBuildFile; fileRef = E959DCF61C702097001F2CAF /* testRenderSprite.cpp */; };
		E959DD2A1C702097001F2CAF /* testRotateSprite.cpp in Sources */ = {isa = PBXBuildFile; fileRef = E959DCF81C702097001F2CAF /* testRotateSprite.cpp */; };
		E959DD2B1C702097001F2CAF /* textInputKeys.cpp in Sources */ = {isa = PBXBuildFile; fileRef = E959DCFA1C702097001F2CAF /* textInputKeys.cpp */; };
		E959DD2C1C702097001F2CAF /* textInputRenderComponent.cpp in Sources */ = {isa = PBXBuildFile; fileRef = E959DCFC1C702097001F2CAF /* textInputRenderComponent.cpp */; };
		E959DD2D1C702097001F2CAF /* TreeCommands.cpp in Sources */ = {isa = PBXBuildFile; fileRef = E959DCFE1C702097001F2CAF /* TreeCommands.cpp */; };
		E959DD2E1C702097001F2CAF /* UpdateCmpntDecorator.cpp in Sources */ = {isa = PBXBuildFile; fileRef = E959DD001C702097001F2CAF /* UpdateCmpntDecorator.cpp */; };
		E959DD2F1C702097001F2CAF /* UpdateCmpntLogger.cpp in Sources */ = {isa = PBXBuildFile; fileRef = E959DD021C702097001F2CAF /* UpdateCmpntLogger.cpp */; };
		E959DD301C702097001F2CAF /* Window.cpp in Sources */ = {isa = PBXBuildFile; fileRef = E959DD051C702097001F2CAF /* Window.cpp */; };
		E959DD311C702097001F2CAF /* WindowDecorator.cpp in Sources */ = {isa = PBXBuildFile; fileRef = E959DD071C702097001F2CAF /* WindowDecorator.cpp */; };
		E959DD321C702097001F2CAF /* WindowInterface.cpp in Sources */ = {isa = PBXBuildFile; fileRef = E959DD091C702097001F2CAF /* WindowInterface.cpp */; };
		E959DD331C702097001F2CAF /* WindowLogger.cpp in Sources */ = {isa = PBXBuildFile; fileRef = E959DD0B1C702097001F2CAF /* WindowLogger.cpp */; };
		E959DD341C702097001F2CAF /* world.cpp in Sources */ = {isa = PBXBuildFile; fileRef = E959DD0D1C702097001F2CAF /* world.cpp */; };
		E959DD371C70213A001F2CAF /* desktopExtractionComponent.cpp in Sources */ = {isa = PBXBuildFile; fileRef = E959DD351C70213A001F2CAF /* desktopExtractionComponent.cpp */; };
		E959DD391C7022F7001F2CAF /* TestDesktop.json in Resources */ = {isa = PBXBuildFile; fileRef = E959DD381C7022F7001F2CAF /* TestDesktop.json */; };
		E9C810551C603DCB00D47DA6 /* jsoncpp.cpp in Sources */ = {isa = PBXBuildFile; fileRef = E9C810541C603DCB00D47DA6 /* jsoncpp.cpp */; };
		E9C810591C603E1600D47DA6 /* dummy.json in Resources */ = {isa = PBXBuildFile; fileRef = E9C810581C603E1600D47DA6 /* dummy.json */; };
/* End PBXBuildFile section */

/* Begin PBXFileReference section */
		C8058A631C4D679D005E23BA /* Project-Perfect-Citizen.app */ = {isa = PBXFileReference; explicitFileType = wrapper.application; includeInIndex = 0; path = "Project-Perfect-Citizen.app"; sourceTree = BUILT_PRODUCTS_DIR; };
		C812D6141C61D29600901173 /* Wallpaper.png */ = {isa = PBXFileReference; lastKnownFileType = image.png; path = Wallpaper.png; sourceTree = "<group>"; };
		C84913C61C6AA82E00F84CB0 /* Icon_Sheet.png */ = {isa = PBXFileReference; lastKnownFileType = image.png; path = Icon_Sheet.png; sourceTree = "<group>"; };
		C858D3951C61C1BB0086199C /* Windows_UI.png */ = {isa = PBXFileReference; lastKnownFileType = image.png; path = Windows_UI.png; sourceTree = "<group>"; };
		C86E377A1C4D67F200842EFD /* main.cpp */ = {isa = PBXFileReference; fileEncoding = 4; lastKnownFileType = sourcecode.cpp.cpp; name = main.cpp; path = Code/main.cpp; sourceTree = SOURCE_ROOT; };
		C86E37A71C4D6B5100842EFD /* DoxygenHelp.txt */ = {isa = PBXFileReference; fileEncoding = 4; lastKnownFileType = text; path = DoxygenHelp.txt; sourceTree = "<group>"; };
		C86E37A81C4D6B5100842EFD /* LinkHelp.txt */ = {isa = PBXFileReference; fileEncoding = 4; lastKnownFileType = text; path = LinkHelp.txt; sourceTree = "<group>"; };
		C86E37AA1C4D6B5100842EFD /* EngineSettings.ini */ = {isa = PBXFileReference; fileEncoding = 4; lastKnownFileType = text; path = EngineSettings.ini; sourceTree = "<group>"; };
		C86E37AB1C4D6B5100842EFD /* Project-Perfect-Citizen-Info.plist */ = {isa = PBXFileReference; fileEncoding = 4; lastKnownFileType = text.plist.xml; path = "Project-Perfect-Citizen-Info.plist"; sourceTree = "<group>"; };
		C86E37AC1C4D6B5100842EFD /* kappa.png */ = {isa = PBXFileReference; lastKnownFileType = image.png; path = kappa.png; sourceTree = "<group>"; };
		C881BEE71C4D7C5B008B1EBD /* ResourcePath.hpp */ = {isa = PBXFileReference; fileEncoding = 4; lastKnownFileType = sourcecode.cpp.h; name = ResourcePath.hpp; path = Resources/ResourcePath.hpp; sourceTree = SOURCE_ROOT; };
		C881BEE81C4D7C5B008B1EBD /* ResourcePath.mm */ = {isa = PBXFileReference; fileEncoding = 4; lastKnownFileType = sourcecode.cpp.objcpp; name = ResourcePath.mm; path = Resources/ResourcePath.mm; sourceTree = SOURCE_ROOT; };
		E94E75961C72836500C77C60 /* expressionistParser.cpp */ = {isa = PBXFileReference; fileEncoding = 4; lastKnownFileType = sourcecode.cpp.cpp; path = expressionistParser.cpp; sourceTree = "<group>"; };
		E94E75971C72836500C77C60 /* expressionistParser.hpp */ = {isa = PBXFileReference; fileEncoding = 4; lastKnownFileType = sourcecode.cpp.h; path = expressionistParser.hpp; sourceTree = "<group>"; };
		E94E75991C728D2C00C77C60 /* data.json */ = {isa = PBXFileReference; fileEncoding = 4; lastKnownFileType = text.json; path = data.json; sourceTree = "<group>"; };
		E959DCC01C702097001F2CAF /* animatorComponent.cpp */ = {isa = PBXFileReference; fileEncoding = 4; lastKnownFileType = sourcecode.cpp.cpp; path = animatorComponent.cpp; sourceTree = "<group>"; };
		E959DCC11C702097001F2CAF /* animatorComponent.hpp */ = {isa = PBXFileReference; fileEncoding = 4; lastKnownFileType = sourcecode.cpp.h; path = animatorComponent.hpp; sourceTree = "<group>"; };
		E959DCC21C702097001F2CAF /* BaseFileType.cpp */ = {isa = PBXFileReference; fileEncoding = 4; lastKnownFileType = sourcecode.cpp.cpp; path = BaseFileType.cpp; sourceTree = "<group>"; };
		E959DCC31C702097001F2CAF /* BaseFileType.h */ = {isa = PBXFileReference; fileEncoding = 4; lastKnownFileType = sourcecode.c.h; path = BaseFileType.h; sourceTree = "<group>"; };
		E959DCC41C702097001F2CAF /* BorderDecorator.cpp */ = {isa = PBXFileReference; fileEncoding = 4; lastKnownFileType = sourcecode.cpp.cpp; path = BorderDecorator.cpp; sourceTree = "<group>"; };
		E959DCC51C702097001F2CAF /* BorderDecorator.h */ = {isa = PBXFileReference; fileEncoding = 4; lastKnownFileType = sourcecode.c.h; path = BorderDecorator.h; sourceTree = "<group>"; };
		E959DCC61C702097001F2CAF /* buttonRenderComponent.cpp */ = {isa = PBXFileReference; fileEncoding = 4; lastKnownFileType = sourcecode.cpp.cpp; path = buttonRenderComponent.cpp; sourceTree = "<group>"; };
		E959DCC71C702097001F2CAF /* buttonRenderComponent.h */ = {isa = PBXFileReference; fileEncoding = 4; lastKnownFileType = sourcecode.c.h; path = buttonRenderComponent.h; sourceTree = "<group>"; };
		E959DCC81C702097001F2CAF /* ClassDiagram.cd */ = {isa = PBXFileReference; fileEncoding = 4; lastKnownFileType = text.xml; path = ClassDiagram.cd; sourceTree = "<group>"; };
		E959DCC91C702097001F2CAF /* component.cpp */ = {isa = PBXFileReference; fileEncoding = 4; lastKnownFileType = sourcecode.cpp.cpp; path = component.cpp; sourceTree = "<group>"; };
		E959DCCA1C702097001F2CAF /* Component.h */ = {isa = PBXFileReference; fileEncoding = 4; lastKnownFileType = sourcecode.c.h; path = Component.h; sourceTree = "<group>"; };
		E959DCCB1C702097001F2CAF /* ComponentObsvr.cpp */ = {isa = PBXFileReference; fileEncoding = 4; lastKnownFileType = sourcecode.cpp.cpp; path = ComponentObsvr.cpp; sourceTree = "<group>"; };
		E959DCCC1C702097001F2CAF /* ComponentObsvr.h */ = {isa = PBXFileReference; fileEncoding = 4; lastKnownFileType = sourcecode.c.h; path = ComponentObsvr.h; sourceTree = "<group>"; };
		E959DCCD1C702097001F2CAF /* consoleIconRenderComponent.cpp */ = {isa = PBXFileReference; fileEncoding = 4; lastKnownFileType = sourcecode.cpp.cpp; path = consoleIconRenderComponent.cpp; sourceTree = "<group>"; };
		E959DCCE1C702097001F2CAF /* consoleIconRenderComponent.h */ = {isa = PBXFileReference; fileEncoding = 4; lastKnownFileType = sourcecode.c.h; path = consoleIconRenderComponent.h; sourceTree = "<group>"; };
		E959DCCF1C702097001F2CAF /* consoleUpdateComponent.cpp */ = {isa = PBXFileReference; fileEncoding = 4; lastKnownFileType = sourcecode.cpp.cpp; path = consoleUpdateComponent.cpp; sourceTree = "<group>"; };
		E959DCD01C702097001F2CAF /* consoleUpdateComponent.h */ = {isa = PBXFileReference; fileEncoding = 4; lastKnownFileType = sourcecode.c.h; path = consoleUpdateComponent.h; sourceTree = "<group>"; };
		E959DCD11C702097001F2CAF /* createWindow.cpp */ = {isa = PBXFileReference; fileEncoding = 4; lastKnownFileType = sourcecode.cpp.cpp; path = createWindow.cpp; sourceTree = "<group>"; };
		E959DCD21C702097001F2CAF /* createWindow.h */ = {isa = PBXFileReference; fileEncoding = 4; lastKnownFileType = sourcecode.c.h; path = createWindow.h; sourceTree = "<group>"; };
		E959DCD31C702097001F2CAF /* debug.cpp */ = {isa = PBXFileReference; fileEncoding = 4; lastKnownFileType = sourcecode.cpp.cpp; path = debug.cpp; sourceTree = "<group>"; };
		E959DCD41C702097001F2CAF /* debug.h */ = {isa = PBXFileReference; fileEncoding = 4; lastKnownFileType = sourcecode.c.h; path = debug.h; sourceTree = "<group>"; };
		E959DCD51C702097001F2CAF /* desktop.cpp */ = {isa = PBXFileReference; fileEncoding = 4; lastKnownFileType = sourcecode.cpp.cpp; path = desktop.cpp; sourceTree = "<group>"; };
		E959DCD61C702097001F2CAF /* desktop.h */ = {isa = PBXFileReference; fileEncoding = 4; lastKnownFileType = sourcecode.c.h; path = desktop.h; sourceTree = "<group>"; };
		E959DCD71C702097001F2CAF /* DesktopLogger.cpp */ = {isa = PBXFileReference; fileEncoding = 4; lastKnownFileType = sourcecode.cpp.cpp; path = DesktopLogger.cpp; sourceTree = "<group>"; };
		E959DCD81C702097001F2CAF /* DesktopLogger.h */ = {isa = PBXFileReference; fileEncoding = 4; lastKnownFileType = sourcecode.c.h; path = DesktopLogger.h; sourceTree = "<group>"; };
		E959DCD91C702097001F2CAF /* Entity.cpp */ = {isa = PBXFileReference; fileEncoding = 4; lastKnownFileType = sourcecode.cpp.cpp; path = Entity.cpp; sourceTree = "<group>"; };
		E959DCDA1C702097001F2CAF /* Entity.h */ = {isa = PBXFileReference; fileEncoding = 4; lastKnownFileType = sourcecode.c.h; path = Entity.h; sourceTree = "<group>"; };
		E959DCDB1C702097001F2CAF /* EntityDecorator.cpp */ = {isa = PBXFileReference; fileEncoding = 4; lastKnownFileType = sourcecode.cpp.cpp; path = EntityDecorator.cpp; sourceTree = "<group>"; };
		E959DCDC1C702097001F2CAF /* EntityDecorator.h */ = {isa = PBXFileReference; fileEncoding = 4; lastKnownFileType = sourcecode.c.h; path = EntityDecorator.h; sourceTree = "<group>"; };
		E959DCDD1C702097001F2CAF /* EntityLogger.cpp */ = {isa = PBXFileReference; fileEncoding = 4; lastKnownFileType = sourcecode.cpp.cpp; path = EntityLogger.cpp; sourceTree = "<group>"; };
		E959DCDE1C702097001F2CAF /* EntityLogger.h */ = {isa = PBXFileReference; fileEncoding = 4; lastKnownFileType = sourcecode.c.h; path = EntityLogger.h; sourceTree = "<group>"; };
		E959DCDF1C702097001F2CAF /* event.h */ = {isa = PBXFileReference; fileEncoding = 4; lastKnownFileType = sourcecode.c.h; path = event.h; sourceTree = "<group>"; };
		E959DCE01C702097001F2CAF /* InputCmpntLogger.cpp */ = {isa = PBXFileReference; fileEncoding = 4; lastKnownFileType = sourcecode.cpp.cpp; path = InputCmpntLogger.cpp; sourceTree = "<group>"; };
		E959DCE11C702097001F2CAF /* InputCmpntLogger.h */ = {isa = PBXFileReference; fileEncoding = 4; lastKnownFileType = sourcecode.c.h; path = InputCmpntLogger.h; sourceTree = "<group>"; };
		E959DCE21C702097001F2CAF /* inputComponent.cpp */ = {isa = PBXFileReference; fileEncoding = 4; lastKnownFileType = sourcecode.cpp.cpp; path = inputComponent.cpp; sourceTree = "<group>"; };
		E959DCE31C702097001F2CAF /* inputComponent.h */ = {isa = PBXFileReference; fileEncoding = 4; lastKnownFileType = sourcecode.c.h; path = inputComponent.h; sourceTree = "<group>"; };
		E959DCE41C702097001F2CAF /* InputHandler.cpp */ = {isa = PBXFileReference; fileEncoding = 4; lastKnownFileType = sourcecode.cpp.cpp; path = InputHandler.cpp; sourceTree = "<group>"; };
		E959DCE51C702097001F2CAF /* InputHandler.h */ = {isa = PBXFileReference; fileEncoding = 4; lastKnownFileType = sourcecode.c.h; path = InputHandler.h; sourceTree = "<group>"; };
		E959DCE61C702097001F2CAF /* mousePressButton.cpp */ = {isa = PBXFileReference; fileEncoding = 4; lastKnownFileType = sourcecode.cpp.cpp; path = mousePressButton.cpp; sourceTree = "<group>"; };
		E959DCE71C702097001F2CAF /* mousePressButton.h */ = {isa = PBXFileReference; fileEncoding = 4; lastKnownFileType = sourcecode.c.h; path = mousePressButton.h; sourceTree = "<group>"; };
		E959DCE81C702097001F2CAF /* NodeState.cpp */ = {isa = PBXFileReference; fileEncoding = 4; lastKnownFileType = sourcecode.cpp.cpp; path = NodeState.cpp; sourceTree = "<group>"; };
		E959DCE91C702097001F2CAF /* NodeState.h */ = {isa = PBXFileReference; fileEncoding = 4; lastKnownFileType = sourcecode.c.h; path = NodeState.h; sourceTree = "<group>"; };
		E959DCEA1C702097001F2CAF /* ObjectPool.h */ = {isa = PBXFileReference; fileEncoding = 4; lastKnownFileType = sourcecode.c.h; path = ObjectPool.h; sourceTree = "<group>"; };
		E959DCEB1C702097001F2CAF /* observer.cpp */ = {isa = PBXFileReference; fileEncoding = 4; lastKnownFileType = sourcecode.cpp.cpp; path = observer.cpp; sourceTree = "<group>"; };
		E959DCEC1C702097001F2CAF /* observer.h */ = {isa = PBXFileReference; fileEncoding = 4; lastKnownFileType = sourcecode.c.h; path = observer.h; sourceTree = "<group>"; };
		E959DCED1C702097001F2CAF /* RenderCmpntDecorator.cpp */ = {isa = PBXFileReference; fileEncoding = 4; lastKnownFileType = sourcecode.cpp.cpp; path = RenderCmpntDecorator.cpp; sourceTree = "<group>"; };
		E959DCEE1C702097001F2CAF /* RenderCmpntDecorator.h */ = {isa = PBXFileReference; fileEncoding = 4; lastKnownFileType = sourcecode.c.h; path = RenderCmpntDecorator.h; sourceTree = "<group>"; };
		E959DCEF1C702097001F2CAF /* RenderCmpntLogger.cpp */ = {isa = PBXFileReference; fileEncoding = 4; lastKnownFileType = sourcecode.cpp.cpp; path = RenderCmpntLogger.cpp; sourceTree = "<group>"; };
		E959DCF01C702097001F2CAF /* RenderCmpntLogger.h */ = {isa = PBXFileReference; fileEncoding = 4; lastKnownFileType = sourcecode.c.h; path = RenderCmpntLogger.h; sourceTree = "<group>"; };
		E959DCF11C702097001F2CAF /* renderComponent.h */ = {isa = PBXFileReference; fileEncoding = 4; lastKnownFileType = sourcecode.c.h; path = renderComponent.h; sourceTree = "<group>"; };
		E959DCF21C702097001F2CAF /* subject.cpp */ = {isa = PBXFileReference; fileEncoding = 4; lastKnownFileType = sourcecode.cpp.cpp; path = subject.cpp; sourceTree = "<group>"; };
		E959DCF31C702097001F2CAF /* subject.h */ = {isa = PBXFileReference; fileEncoding = 4; lastKnownFileType = sourcecode.c.h; path = subject.h; sourceTree = "<group>"; };
		E959DCF41C702097001F2CAF /* TestObserver.cpp */ = {isa = PBXFileReference; fileEncoding = 4; lastKnownFileType = sourcecode.cpp.cpp; path = TestObserver.cpp; sourceTree = "<group>"; };
		E959DCF51C702097001F2CAF /* TestObserver.h */ = {isa = PBXFileReference; fileEncoding = 4; lastKnownFileType = sourcecode.c.h; path = TestObserver.h; sourceTree = "<group>"; };
		E959DCF61C702097001F2CAF /* testRenderSprite.cpp */ = {isa = PBXFileReference; fileEncoding = 4; lastKnownFileType = sourcecode.cpp.cpp; path = testRenderSprite.cpp; sourceTree = "<group>"; };
		E959DCF71C702097001F2CAF /* testRenderSprite.h */ = {isa = PBXFileReference; fileEncoding = 4; lastKnownFileType = sourcecode.c.h; path = testRenderSprite.h; sourceTree = "<group>"; };
		E959DCF81C702097001F2CAF /* testRotateSprite.cpp */ = {isa = PBXFileReference; fileEncoding = 4; lastKnownFileType = sourcecode.cpp.cpp; path = testRotateSprite.cpp; sourceTree = "<group>"; };
		E959DCF91C702097001F2CAF /* testRotateSprite.h */ = {isa = PBXFileReference; fileEncoding = 4; lastKnownFileType = sourcecode.c.h; path = testRotateSprite.h; sourceTree = "<group>"; };
		E959DCFA1C702097001F2CAF /* textInputKeys.cpp */ = {isa = PBXFileReference; fileEncoding = 4; lastKnownFileType = sourcecode.cpp.cpp; path = textInputKeys.cpp; sourceTree = "<group>"; };
		E959DCFB1C702097001F2CAF /* textInputKeys.hpp */ = {isa = PBXFileReference; fileEncoding = 4; lastKnownFileType = sourcecode.cpp.h; path = textInputKeys.hpp; sourceTree = "<group>"; };
		E959DCFC1C702097001F2CAF /* textInputRenderComponent.cpp */ = {isa = PBXFileReference; fileEncoding = 4; lastKnownFileType = sourcecode.cpp.cpp; path = textInputRenderComponent.cpp; sourceTree = "<group>"; };
		E959DCFD1C702097001F2CAF /* textInputRenderComponent.hpp */ = {isa = PBXFileReference; fileEncoding = 4; lastKnownFileType = sourcecode.cpp.h; path = textInputRenderComponent.hpp; sourceTree = "<group>"; };
		E959DCFE1C702097001F2CAF /* TreeCommands.cpp */ = {isa = PBXFileReference; fileEncoding = 4; lastKnownFileType = sourcecode.cpp.cpp; path = TreeCommands.cpp; sourceTree = "<group>"; };
		E959DCFF1C702097001F2CAF /* TreeCommands.h */ = {isa = PBXFileReference; fileEncoding = 4; lastKnownFileType = sourcecode.c.h; path = TreeCommands.h; sourceTree = "<group>"; };
		E959DD001C702097001F2CAF /* UpdateCmpntDecorator.cpp */ = {isa = PBXFileReference; fileEncoding = 4; lastKnownFileType = sourcecode.cpp.cpp; path = UpdateCmpntDecorator.cpp; sourceTree = "<group>"; };
		E959DD011C702097001F2CAF /* UpdateCmpntDecorator.h */ = {isa = PBXFileReference; fileEncoding = 4; lastKnownFileType = sourcecode.c.h; path = UpdateCmpntDecorator.h; sourceTree = "<group>"; };
		E959DD021C702097001F2CAF /* UpdateCmpntLogger.cpp */ = {isa = PBXFileReference; fileEncoding = 4; lastKnownFileType = sourcecode.cpp.cpp; path = UpdateCmpntLogger.cpp; sourceTree = "<group>"; };
		E959DD031C702097001F2CAF /* UpdateCmpntLogger.h */ = {isa = PBXFileReference; fileEncoding = 4; lastKnownFileType = sourcecode.c.h; path = UpdateCmpntLogger.h; sourceTree = "<group>"; };
		E959DD041C702097001F2CAF /* updateComponent.h */ = {isa = PBXFileReference; fileEncoding = 4; lastKnownFileType = sourcecode.c.h; path = updateComponent.h; sourceTree = "<group>"; };
		E959DD051C702097001F2CAF /* Window.cpp */ = {isa = PBXFileReference; fileEncoding = 4; lastKnownFileType = sourcecode.cpp.cpp; path = Window.cpp; sourceTree = "<group>"; };
		E959DD061C702097001F2CAF /* Window.h */ = {isa = PBXFileReference; fileEncoding = 4; lastKnownFileType = sourcecode.c.h; path = Window.h; sourceTree = "<group>"; };
		E959DD071C702097001F2CAF /* WindowDecorator.cpp */ = {isa = PBXFileReference; fileEncoding = 4; lastKnownFileType = sourcecode.cpp.cpp; path = WindowDecorator.cpp; sourceTree = "<group>"; };
		E959DD081C702097001F2CAF /* WindowDecorator.h */ = {isa = PBXFileReference; fileEncoding = 4; lastKnownFileType = sourcecode.c.h; path = WindowDecorator.h; sourceTree = "<group>"; };
		E959DD091C702097001F2CAF /* WindowInterface.cpp */ = {isa = PBXFileReference; fileEncoding = 4; lastKnownFileType = sourcecode.cpp.cpp; path = WindowInterface.cpp; sourceTree = "<group>"; };
		E959DD0A1C702097001F2CAF /* WindowInterface.h */ = {isa = PBXFileReference; fileEncoding = 4; lastKnownFileType = sourcecode.c.h; path = WindowInterface.h; sourceTree = "<group>"; };
		E959DD0B1C702097001F2CAF /* WindowLogger.cpp */ = {isa = PBXFileReference; fileEncoding = 4; lastKnownFileType = sourcecode.cpp.cpp; path = WindowLogger.cpp; sourceTree = "<group>"; };
		E959DD0C1C702097001F2CAF /* WindowLogger.h */ = {isa = PBXFileReference; fileEncoding = 4; lastKnownFileType = sourcecode.c.h; path = WindowLogger.h; sourceTree = "<group>"; };
		E959DD0D1C702097001F2CAF /* world.cpp */ = {isa = PBXFileReference; fileEncoding = 4; lastKnownFileType = sourcecode.cpp.cpp; path = world.cpp; sourceTree = "<group>"; };
		E959DD0E1C702097001F2CAF /* world.h */ = {isa = PBXFileReference; fileEncoding = 4; lastKnownFileType = sourcecode.c.h; path = world.h; sourceTree = "<group>"; };
		E959DD351C70213A001F2CAF /* desktopExtractionComponent.cpp */ = {isa = PBXFileReference; fileEncoding = 4; lastKnownFileType = sourcecode.cpp.cpp; path = desktopExtractionComponent.cpp; sourceTree = "<group>"; };
		E959DD361C70213A001F2CAF /* desktopExtractionComponent.hpp */ = {isa = PBXFileReference; fileEncoding = 4; lastKnownFileType = sourcecode.cpp.h; path = desktopExtractionComponent.hpp; sourceTree = "<group>"; };
		E959DD381C7022F7001F2CAF /* TestDesktop.json */ = {isa = PBXFileReference; fileEncoding = 4; lastKnownFileType = text.json; path = TestDesktop.json; sourceTree = "<group>"; };
		E9C810541C603DCB00D47DA6 /* jsoncpp.cpp */ = {isa = PBXFileReference; fileEncoding = 4; lastKnownFileType = sourcecode.cpp.cpp; name = jsoncpp.cpp; path = Code/Library/jsoncpp.cpp; sourceTree = SOURCE_ROOT; };
		E9C810561C603DD700D47DA6 /* json-forwards.h */ = {isa = PBXFileReference; lastKnownFileType = sourcecode.c.h; name = "json-forwards.h"; path = "Code/Library/json/json-forwards.h"; sourceTree = SOURCE_ROOT; };
		E9C810571C603DD700D47DA6 /* json.h */ = {isa = PBXFileReference; lastKnownFileType = sourcecode.c.h; name = json.h; path = Code/Library/json/json.h; sourceTree = SOURCE_ROOT; };
		E9C810581C603E1600D47DA6 /* dummy.json */ = {isa = PBXFileReference; fileEncoding = 4; lastKnownFileType = text.json; path = dummy.json; sourceTree = "<group>"; };
		E9F598481C73CE2A00219B2E /* Consolas.ttf */ = {isa = PBXFileReference; lastKnownFileType = file; path = Consolas.ttf; sourceTree = "<group>"; };
/* End PBXFileReference section */

/* Begin PBXFrameworksBuildPhase section */
		C8058A5F1C4D679D005E23BA /* Frameworks */ = {
			isa = PBXFrameworksBuildPhase;
			buildActionMask = 2147483647;
			files = (
			);
			runOnlyForDeploymentPostprocessing = 0;
		};
/* End PBXFrameworksBuildPhase section */

/* Begin PBXGroup section */
		C8058A591C4D679D005E23BA = {
			isa = PBXGroup;
			children = (
				C8058A651C4D679D005E23BA /* Project-Perfect-Citizen */,
				C8058A641C4D679D005E23BA /* Products */,
			);
			sourceTree = "<group>";
		};
		C8058A641C4D679D005E23BA /* Products */ = {
			isa = PBXGroup;
			children = (
				C8058A631C4D679D005E23BA /* Project-Perfect-Citizen.app */,
			);
			name = Products;
			sourceTree = "<group>";
		};
		C8058A651C4D679D005E23BA /* Project-Perfect-Citizen */ = {
			isa = PBXGroup;
			children = (
				E9C810521C603DB900D47DA6 /* Library */,
				C86E37901C4D6B4100842EFD /* Engine */,
				C86E377A1C4D67F200842EFD /* main.cpp */,
				C86E37A51C4D6B5100842EFD /* Resources */,
			);
			path = "Project-Perfect-Citizen";
			sourceTree = "<group>";
		};
		C86E37901C4D6B4100842EFD /* Engine */ = {
			isa = PBXGroup;
			children = (
				E959DD351C70213A001F2CAF /* desktopExtractionComponent.cpp */,
				E959DD361C70213A001F2CAF /* desktopExtractionComponent.hpp */,
				E959DCC01C702097001F2CAF /* animatorComponent.cpp */,
				E959DCC11C702097001F2CAF /* animatorComponent.hpp */,
				E959DCC21C702097001F2CAF /* BaseFileType.cpp */,
				E959DCC31C702097001F2CAF /* BaseFileType.h */,
				E959DCC41C702097001F2CAF /* BorderDecorator.cpp */,
				E959DCC51C702097001F2CAF /* BorderDecorator.h */,
				E959DCC61C702097001F2CAF /* buttonRenderComponent.cpp */,
				E959DCC71C702097001F2CAF /* buttonRenderComponent.h */,
				E959DCC81C702097001F2CAF /* ClassDiagram.cd */,
				E959DCC91C702097001F2CAF /* component.cpp */,
				E959DCCA1C702097001F2CAF /* Component.h */,
				E959DCCB1C702097001F2CAF /* ComponentObsvr.cpp */,
				E959DCCC1C702097001F2CAF /* ComponentObsvr.h */,
				E959DCCD1C702097001F2CAF /* consoleIconRenderComponent.cpp */,
				E959DCCE1C702097001F2CAF /* consoleIconRenderComponent.h */,
				E959DCCF1C702097001F2CAF /* consoleUpdateComponent.cpp */,
				E959DCD01C702097001F2CAF /* consoleUpdateComponent.h */,
				E959DCD11C702097001F2CAF /* createWindow.cpp */,
				E959DCD21C702097001F2CAF /* createWindow.h */,
				E959DCD31C702097001F2CAF /* debug.cpp */,
				E959DCD41C702097001F2CAF /* debug.h */,
				E959DCD51C702097001F2CAF /* desktop.cpp */,
				E959DCD61C702097001F2CAF /* desktop.h */,
				E959DCD71C702097001F2CAF /* DesktopLogger.cpp */,
				E959DCD81C702097001F2CAF /* DesktopLogger.h */,
				E959DCD91C702097001F2CAF /* Entity.cpp */,
				E959DCDA1C702097001F2CAF /* Entity.h */,
				E959DCDB1C702097001F2CAF /* EntityDecorator.cpp */,
				E959DCDC1C702097001F2CAF /* EntityDecorator.h */,
				E959DCDD1C702097001F2CAF /* EntityLogger.cpp */,
				E959DCDE1C702097001F2CAF /* EntityLogger.h */,
				E959DCDF1C702097001F2CAF /* event.h */,
				E959DCE01C702097001F2CAF /* InputCmpntLogger.cpp */,
				E959DCE11C702097001F2CAF /* InputCmpntLogger.h */,
				E959DCE21C702097001F2CAF /* inputComponent.cpp */,
				E959DCE31C702097001F2CAF /* inputComponent.h */,
				E959DCE41C702097001F2CAF /* InputHandler.cpp */,
				E959DCE51C702097001F2CAF /* InputHandler.h */,
				E959DCE61C702097001F2CAF /* mousePressButton.cpp */,
				E959DCE71C702097001F2CAF /* mousePressButton.h */,
				E959DCE81C702097001F2CAF /* NodeState.cpp */,
				E959DCE91C702097001F2CAF /* NodeState.h */,
				E959DCEA1C702097001F2CAF /* ObjectPool.h */,
				E959DCEB1C702097001F2CAF /* observer.cpp */,
				E959DCEC1C702097001F2CAF /* observer.h */,
				E959DCED1C702097001F2CAF /* RenderCmpntDecorator.cpp */,
				E959DCEE1C702097001F2CAF /* RenderCmpntDecorator.h */,
				E959DCEF1C702097001F2CAF /* RenderCmpntLogger.cpp */,
				E959DCF01C702097001F2CAF /* RenderCmpntLogger.h */,
				E959DCF11C702097001F2CAF /* renderComponent.h */,
				E959DCF21C702097001F2CAF /* subject.cpp */,
				E959DCF31C702097001F2CAF /* subject.h */,
				E959DCF41C702097001F2CAF /* TestObserver.cpp */,
				E959DCF51C702097001F2CAF /* TestObserver.h */,
				E959DCF61C702097001F2CAF /* testRenderSprite.cpp */,
				E959DCF71C702097001F2CAF /* testRenderSprite.h */,
				E959DCF81C702097001F2CAF /* testRotateSprite.cpp */,
				E959DCF91C702097001F2CAF /* testRotateSprite.h */,
				E959DCFA1C702097001F2CAF /* textInputKeys.cpp */,
				E959DCFB1C702097001F2CAF /* textInputKeys.hpp */,
				E959DCFC1C702097001F2CAF /* textInputRenderComponent.cpp */,
				E959DCFD1C702097001F2CAF /* textInputRenderComponent.hpp */,
				E959DCFE1C702097001F2CAF /* TreeCommands.cpp */,
				E959DCFF1C702097001F2CAF /* TreeCommands.h */,
				E959DD001C702097001F2CAF /* UpdateCmpntDecorator.cpp */,
				E959DD011C702097001F2CAF /* UpdateCmpntDecorator.h */,
				E959DD021C702097001F2CAF /* UpdateCmpntLogger.cpp */,
				E959DD031C702097001F2CAF /* UpdateCmpntLogger.h */,
				E959DD041C702097001F2CAF /* updateComponent.h */,
				E959DD051C702097001F2CAF /* Window.cpp */,
				E959DD061C702097001F2CAF /* Window.h */,
				E959DD071C702097001F2CAF /* WindowDecorator.cpp */,
				E959DD081C702097001F2CAF /* WindowDecorator.h */,
				E959DD091C702097001F2CAF /* WindowInterface.cpp */,
				E959DD0A1C702097001F2CAF /* WindowInterface.h */,
				E959DD0B1C702097001F2CAF /* WindowLogger.cpp */,
				E959DD0C1C702097001F2CAF /* WindowLogger.h */,
				E959DD0D1C702097001F2CAF /* world.cpp */,
				E959DD0E1C702097001F2CAF /* world.h */,
				E94E75961C72836500C77C60 /* expressionistParser.cpp */,
				E94E75971C72836500C77C60 /* expressionistParser.hpp */,
			);
			name = Engine;
			path = Code/Engine;
			sourceTree = SOURCE_ROOT;
		};
		C86E37A51C4D6B5100842EFD /* Resources */ = {
			isa = PBXGroup;
			children = (
				E9F598481C73CE2A00219B2E /* Consolas.ttf */,
				E94E75991C728D2C00C77C60 /* data.json */,
				E959DD381C7022F7001F2CAF /* TestDesktop.json */,
				C84913C61C6AA82E00F84CB0 /* Icon_Sheet.png */,
				C812D6141C61D29600901173 /* Wallpaper.png */,
				C858D3951C61C1BB0086199C /* Windows_UI.png */,
				E9C810581C603E1600D47DA6 /* dummy.json */,
				C881BEE71C4D7C5B008B1EBD /* ResourcePath.hpp */,
				C881BEE81C4D7C5B008B1EBD /* ResourcePath.mm */,
				C86E37A61C4D6B5100842EFD /* Coding Reference */,
				C86E37A91C4D6B5100842EFD /* Engine */,
				C86E37AC1C4D6B5100842EFD /* kappa.png */,
			);
			path = Resources;
			sourceTree = SOURCE_ROOT;
		};
		C86E37A61C4D6B5100842EFD /* Coding Reference */ = {
			isa = PBXGroup;
			children = (
				C86E37A71C4D6B5100842EFD /* DoxygenHelp.txt */,
				C86E37A81C4D6B5100842EFD /* LinkHelp.txt */,
			);
			path = "Coding Reference";
			sourceTree = "<group>";
		};
		C86E37A91C4D6B5100842EFD /* Engine */ = {
			isa = PBXGroup;
			children = (
				C86E37AA1C4D6B5100842EFD /* EngineSettings.ini */,
				C86E37AB1C4D6B5100842EFD /* Project-Perfect-Citizen-Info.plist */,
			);
			path = Engine;
			sourceTree = "<group>";
		};
		E9C810521C603DB900D47DA6 /* Library */ = {
			isa = PBXGroup;
			children = (
				E9C810541C603DCB00D47DA6 /* jsoncpp.cpp */,
				E9C810531C603DC200D47DA6 /* json */,
			);
			name = Library;
			sourceTree = "<group>";
		};
		E9C810531C603DC200D47DA6 /* json */ = {
			isa = PBXGroup;
			children = (
				E9C810561C603DD700D47DA6 /* json-forwards.h */,
				E9C810571C603DD700D47DA6 /* json.h */,
			);
			name = json;
			sourceTree = "<group>";
		};
/* End PBXGroup section */

/* Begin PBXNativeTarget section */
		C8058A621C4D679D005E23BA /* Project-Perfect-Citizen */ = {
			isa = PBXNativeTarget;
			buildConfigurationList = C8058A781C4D679D005E23BA /* Build configuration list for PBXNativeTarget "Project-Perfect-Citizen" */;
			buildPhases = (
				C8058A5E1C4D679D005E23BA /* Sources */,
				C8058A5F1C4D679D005E23BA /* Frameworks */,
				C8058A601C4D679D005E23BA /* Resources */,
				C8058A611C4D679D005E23BA /* ShellScript */,
			);
			buildRules = (
			);
			dependencies = (
			);
			name = "Project-Perfect-Citizen";
			productName = "Project-Perfect-Citizen";
			productReference = C8058A631C4D679D005E23BA /* Project-Perfect-Citizen.app */;
			productType = "com.apple.product-type.application";
		};
/* End PBXNativeTarget section */

/* Begin PBXProject section */
		C8058A5A1C4D679D005E23BA /* Project object */ = {
			isa = PBXProject;
			attributes = {
				LastUpgradeCheck = 0710;
				ORGANIZATIONNAME = "Hyperfocus Games";
				TargetAttributes = {
					C8058A621C4D679D005E23BA = {
						CreatedOnToolsVersion = 7.1.1;
					};
				};
			};
			buildConfigurationList = C8058A5D1C4D679D005E23BA /* Build configuration list for PBXProject "Project-Perfect-Citizen" */;
			compatibilityVersion = "Xcode 3.2";
			developmentRegion = English;
			hasScannedForEncodings = 0;
			knownRegions = (
				en,
			);
			mainGroup = C8058A591C4D679D005E23BA;
			productRefGroup = C8058A641C4D679D005E23BA /* Products */;
			projectDirPath = "";
			projectRoot = "";
			targets = (
				C8058A621C4D679D005E23BA /* Project-Perfect-Citizen */,
			);
		};
/* End PBXProject section */

/* Begin PBXResourcesBuildPhase section */
		C8058A601C4D679D005E23BA /* Resources */ = {
			isa = PBXResourcesBuildPhase;
			buildActionMask = 2147483647;
			files = (
				E94E759A1C728D2C00C77C60 /* data.json in Resources */,
				E959DD391C7022F7001F2CAF /* TestDesktop.json in Resources */,
				C812D6151C61D29600901173 /* Wallpaper.png in Resources */,
				C86E37AF1C4D6B5200842EFD /* EngineSettings.ini in Resources */,
				E9C810591C603E1600D47DA6 /* dummy.json in Resources */,
				E959DD131C702097001F2CAF /* ClassDiagram.cd in Resources */,
				C86E37B11C4D6B5200842EFD /* kappa.png in Resources */,
				C858D3961C61C1BB0086199C /* Windows_UI.png in Resources */,
				C86E37AD1C4D6B5100842EFD /* DoxygenHelp.txt in Resources */,
				C86E37AE1C4D6B5100842EFD /* LinkHelp.txt in Resources */,
				C84913C71C6AA82E00F84CB0 /* Icon_Sheet.png in Resources */,
			);
			runOnlyForDeploymentPostprocessing = 0;
		};
/* End PBXResourcesBuildPhase section */

/* Begin PBXShellScriptBuildPhase section */
		C8058A611C4D679D005E23BA /* ShellScript */ = {
			isa = PBXShellScriptBuildPhase;
			buildActionMask = 2147483647;
			files = (
			);
			inputPaths = (
			);
			outputPaths = (
			);
			runOnlyForDeploymentPostprocessing = 0;
			shellPath = /bin/sh;
			shellScript = "# This shell script simply copies required SFML dylibs/frameworks into the application bundle frameworks folder.\n# If you're using static libraries (which is not recommended) you should remove this script from your project.\n\n# SETTINGS\nCMAKE_INSTALL_FRAMEWORK_PREFIX=\"/Library/Frameworks\"\nCMAKE_INSTALL_LIB_PREFIX=\"/usr/local/lib\"\nFRAMEWORKS_FULL_PATH=\"$BUILT_PRODUCTS_DIR/$FRAMEWORKS_FOLDER_PATH/\"\n\n# Are we building a project that uses frameworks or dylibs?\ncase \"$SFML_BINARY_TYPE\" in\n    DYLIBS)\n        frameworks=\"false\"\n        ;;\n    *)\n        frameworks=\"true\"\n        ;;\nesac\n\n# Echoes to stderr\nerror () # $* message to display\n{\n    echo $* 1>&2\n    exit 2\n}\n\nassert () # $1 is a boolean, $2...N is an error message\n{\n    if [ $# -lt 2 ]\n    then\n        error \"Internal error in assert: not enough args\"\n    fi\n\n    if [ $1 -ne 0 ]\n    then\n        shift\n        error \"$*\"\n    fi\n}\n\nforce_remove () # $@ is some paths\n{\n    test $# -ge 1\n    assert $? \"force_remove() requires at least one parameter\"\n    rm -fr $@\n    assert $? \"couldn't remove $@\"\n}\n\ncopy () # $1 is a source, $2 is a destination\n{\n    test $# -eq 2\n    assert $? \"copy() requires two parameters\"\n    ditto \"$1\" \"$2\"\n    assert $? \"couldn't copy $1 to $2\"\n}\n\nrequire () # $1 is a SFML module like 'system' or 'audio'\n{\n    dest=\"$BUILT_PRODUCTS_DIR/$FRAMEWORKS_FOLDER_PATH/\"\n\n    if [ -z \"$1\" ]\n    then\n        error \"require() requires one parameter!\"\n    else\n        # clean potentially old stuff\n        force_remove \"$dest/libsfml-$1\"*\n        force_remove \"$dest/sfml-$1.framework\"\n\n        # copy SFML libraries\n        if [ \"$frameworks\" = \"true\" ]\n        then\n            source=\"$CMAKE_INSTALL_FRAMEWORK_PREFIX/sfml-$1.framework\"\n            target=\"sfml-$1.framework\"\n        elif [ \"$SFML_LINK_DYLIBS_SUFFIX\" = \"-d\" ]\n        then\n            source=\"$CMAKE_INSTALL_LIB_PREFIX/libsfml-$1-d.dylib\"\n            target=\"`readlink $source`\"\n        else\n            source=\"$CMAKE_INSTALL_LIB_PREFIX/libsfml-$1.dylib\"\n            target=\"`readlink $source`\"\n        fi\n\n        copy \"$source\" \"$dest/$target\"\n\n        # copy extra dependencies\n        if [ \"$1\" = \"audio\" ]\n        then\n            # copy \"FLAC\" \"ogg\" \"vorbis\" \"vorbisenc\" \"vorbisfile\" \"OpenAL\" frameworks too\n            for f in \"FLAC\" \"ogg\" \"vorbis\" \"vorbisenc\" \"vorbisfile\" \"OpenAL\"\n            do\n                copy \"$CMAKE_INSTALL_FRAMEWORK_PREFIX/$f.framework\" \"$dest/$f.framework\"\n            done\n        elif [ \"$1\" = \"graphics\" ]\n        then\n            copy \"$CMAKE_INSTALL_FRAMEWORK_PREFIX/freetype.framework\" \"$dest/freetype.framework\"\n        fi\n    fi\n}\n\nif [ -n \"$SFML_SYSTEM\" ]\nthen\n    require \"system\"\nfi\n\nif [ -n \"$SFML_AUDIO\" ]\nthen\n    require \"audio\"\nfi\n\nif [ -n \"$SFML_NETWORK\" ]\nthen\n    require \"network\"\nfi\n\nif [ -n \"$SFML_WINDOW\" ]\nthen\n    require \"window\"\nfi\n\nif [ -n \"$SFML_GRAPHICS\" ]\nthen\n    require \"graphics\"\nfi\n\n                ";
		};
/* End PBXShellScriptBuildPhase section */

/* Begin PBXSourcesBuildPhase section */
		C8058A5E1C4D679D005E23BA /* Sources */ = {
			isa = PBXSourcesBuildPhase;
			buildActionMask = 2147483647;
			files = (
				E959DD311C702097001F2CAF /* WindowDecorator.cpp in Sources */,
				E959DD0F1C702097001F2CAF /* animatorComponent.cpp in Sources */,
				E959DD2E1C702097001F2CAF /* UpdateCmpntDecorator.cpp in Sources */,
				E959DD281C702097001F2CAF /* TestObserver.cpp in Sources */,
				E959DD141C702097001F2CAF /* component.cpp in Sources */,
				E959DD321C702097001F2CAF /* WindowInterface.cpp in Sources */,
				E959DD1B1C702097001F2CAF /* DesktopLogger.cpp in Sources */,
				E959DD271C702097001F2CAF /* subject.cpp in Sources */,
				E959DD151C702097001F2CAF /* ComponentObsvr.cpp in Sources */,
				E959DD101C702097001F2CAF /* BaseFileType.cpp in Sources */,
				E9C810551C603DCB00D47DA6 /* jsoncpp.cpp in Sources */,
				E94E75981C72836500C77C60 /* expressionistParser.cpp in Sources */,
				E959DD1F1C702097001F2CAF /* InputCmpntLogger.cpp in Sources */,
				E959DD2A1C702097001F2CAF /* testRotateSprite.cpp in Sources */,
				E959DD221C702097001F2CAF /* mousePressButton.cpp in Sources */,
				E959DD291C702097001F2CAF /* testRenderSprite.cpp in Sources */,
				E959DD211C702097001F2CAF /* InputHandler.cpp in Sources */,
				E959DD2D1C702097001F2CAF /* TreeCommands.cpp in Sources */,
				E959DD1E1C702097001F2CAF /* EntityLogger.cpp in Sources */,
				E959DD261C702097001F2CAF /* RenderCmpntLogger.cpp in Sources */,
				E959DD111C702097001F2CAF /* BorderDecorator.cpp in Sources */,
				E959DD1A1C702097001F2CAF /* desktop.cpp in Sources */,
				E959DD1C1C702097001F2CAF /* Entity.cpp in Sources */,
				E959DD2B1C702097001F2CAF /* textInputKeys.cpp in Sources */,
				E959DD241C702097001F2CAF /* observer.cpp in Sources */,
				E959DD251C702097001F2CAF /* RenderCmpntDecorator.cpp in Sources */,
				E959DD2C1C702097001F2CAF /* textInputRenderComponent.cpp in Sources */,
				E959DD331C702097001F2CAF /* WindowLogger.cpp in Sources */,
				E959DD161C702097001F2CAF /* consoleIconRenderComponent.cpp in Sources */,
				E959DD171C702097001F2CAF /* consoleUpdateComponent.cpp in Sources */,
				E959DD231C702097001F2CAF /* NodeState.cpp in Sources */,
				E959DD2F1C702097001F2CAF /* UpdateCmpntLogger.cpp in Sources */,
				E959DD1D1C702097001F2CAF /* EntityDecorator.cpp in Sources */,
				E959DD201C702097001F2CAF /* inputComponent.cpp in Sources */,
				C86E377C1C4D67F200842EFD /* main.cpp in Sources */,
				E959DD371C70213A001F2CAF /* desktopExtractionComponent.cpp in Sources */,
				E959DD341C702097001F2CAF /* world.cpp in Sources */,
				E959DD301C702097001F2CAF /* Window.cpp in Sources */,
				E959DD181C702097001F2CAF /* createWindow.cpp in Sources */,
				E959DD191C702097001F2CAF /* debug.cpp in Sources */,
				E959DD121C702097001F2CAF /* buttonRenderComponent.cpp in Sources */,
				C881BEE91C4D7C5B008B1EBD /* ResourcePath.mm in Sources */,
			);
			runOnlyForDeploymentPostprocessing = 0;
		};
/* End PBXSourcesBuildPhase section */

/* Begin XCBuildConfiguration section */
		C8058A761C4D679D005E23BA /* Debug */ = {
			isa = XCBuildConfiguration;
			buildSettings = {
				ARCHS = (
					i386,
					x86_64,
				);
				CLANG_CXX_LANGUAGE_STANDARD = "c++0x";
				CLANG_CXX_LIBRARY = "libc++";
				FRAMEWORK_SEARCH_PATHS = (
					/Library/Frameworks/,
					"$(inherited)",
				);
				GCC_VERSION = com.apple.compilers.llvm.clang.1_0;
				HEADER_SEARCH_PATHS = (
					/usr/local/include/,
					"$(inherited)",
				);
				LIBRARY_SEARCH_PATHS = (
					/usr/local/lib/,
					"$(inherited)",
				);
				MACOSX_DEPLOYMENT_TARGET = 10.7;
				OTHER_LDFLAGS = (
					"$(inherited)",
					"$(SFML_SYSTEM)",
					"$(SFML_WINDOW)",
					"$(SFML_GRAPHICS)",
					"$(SFML_AUDIO)",
					"$(SFML_NETWORK)",
				);
				SFML_AUDIO = "$(SFML_LINK_PREFIX) sfml-audio$(SFML_LINK_SUFFIX)";
				SFML_BINARY_TYPE = FRAMEWORKS;
				SFML_GRAPHICS = "$(SFML_LINK_PREFIX) sfml-graphics$(SFML_LINK_SUFFIX)";
				SFML_LINK_DYLIBS_PREFIX = "-l";
				SFML_LINK_DYLIBS_SUFFIX = "";
				SFML_LINK_FRAMEWORKS_PREFIX = "-framework";
				SFML_LINK_FRAMEWORKS_SUFFIX = "";
				SFML_LINK_PREFIX = "$(SFML_LINK_$(SFML_BINARY_TYPE)_PREFIX)";
				SFML_LINK_SUFFIX = "$(SFML_LINK_$(SFML_BINARY_TYPE)_SUFFIX)";
				SFML_NETWORK = "$(SFML_LINK_PREFIX) sfml-network$(SFML_LINK_SUFFIX)";
				SFML_SYSTEM = "$(SFML_LINK_PREFIX) sfml-system$(SFML_LINK_SUFFIX)";
				SFML_WINDOW = "$(SFML_LINK_PREFIX) sfml-window$(SFML_LINK_SUFFIX)";
				SUPPORTED_PLATFORMS = macosx;
			};
			name = Debug;
		};
		C8058A771C4D679D005E23BA /* Release */ = {
			isa = XCBuildConfiguration;
			buildSettings = {
				ARCHS = (
					i386,
					x86_64,
				);
				CLANG_CXX_LANGUAGE_STANDARD = "c++0x";
				CLANG_CXX_LIBRARY = "libc++";
				FRAMEWORK_SEARCH_PATHS = (
					/Library/Frameworks/,
					"$(inherited)",
				);
				GCC_VERSION = com.apple.compilers.llvm.clang.1_0;
				HEADER_SEARCH_PATHS = (
					/usr/local/include/,
					"$(inherited)",
				);
				LIBRARY_SEARCH_PATHS = (
					/usr/local/lib/,
					"$(inherited)",
				);
				MACOSX_DEPLOYMENT_TARGET = 10.7;
				OTHER_LDFLAGS = (
					"$(inherited)",
					"$(SFML_SYSTEM)",
					"$(SFML_WINDOW)",
					"$(SFML_GRAPHICS)",
					"$(SFML_AUDIO)",
					"$(SFML_NETWORK)",
				);
				SFML_AUDIO = "$(SFML_LINK_PREFIX) sfml-audio$(SFML_LINK_SUFFIX)";
				SFML_BINARY_TYPE = FRAMEWORKS;
				SFML_GRAPHICS = "$(SFML_LINK_PREFIX) sfml-graphics$(SFML_LINK_SUFFIX)";
				SFML_LINK_DYLIBS_PREFIX = "-l";
				SFML_LINK_DYLIBS_SUFFIX = "";
				SFML_LINK_FRAMEWORKS_PREFIX = "-framework";
				SFML_LINK_FRAMEWORKS_SUFFIX = "";
				SFML_LINK_PREFIX = "$(SFML_LINK_$(SFML_BINARY_TYPE)_PREFIX)";
				SFML_LINK_SUFFIX = "$(SFML_LINK_$(SFML_BINARY_TYPE)_SUFFIX)";
				SFML_NETWORK = "$(SFML_LINK_PREFIX) sfml-network$(SFML_LINK_SUFFIX)";
				SFML_SYSTEM = "$(SFML_LINK_PREFIX) sfml-system$(SFML_LINK_SUFFIX)";
				SFML_WINDOW = "$(SFML_LINK_PREFIX) sfml-window$(SFML_LINK_SUFFIX)";
				SUPPORTED_PLATFORMS = macosx;
			};
			name = Release;
		};
		C8058A791C4D679D005E23BA /* Debug */ = {
			isa = XCBuildConfiguration;
			buildSettings = {
				INFOPLIST_FILE = "$(SRCROOT)/Resources/Engine/Project-Perfect-Citizen-Info.plist";
				LD_RUNPATH_SEARCH_PATHS = "@loader_path/../Frameworks";
				PRODUCT_NAME = "$(TARGET_NAME)";
			};
			name = Debug;
		};
		C8058A7A1C4D679D005E23BA /* Release */ = {
			isa = XCBuildConfiguration;
			buildSettings = {
				INFOPLIST_FILE = "$(SRCROOT)/Resources/Engine/Project-Perfect-Citizen-Info.plist";
				LD_RUNPATH_SEARCH_PATHS = "@loader_path/../Frameworks";
				PRODUCT_NAME = "$(TARGET_NAME)";
			};
			name = Release;
		};
/* End XCBuildConfiguration section */

/* Begin XCConfigurationList section */
		C8058A5D1C4D679D005E23BA /* Build configuration list for PBXProject "Project-Perfect-Citizen" */ = {
			isa = XCConfigurationList;
			buildConfigurations = (
				C8058A761C4D679D005E23BA /* Debug */,
				C8058A771C4D679D005E23BA /* Release */,
			);
			defaultConfigurationIsVisible = 0;
			defaultConfigurationName = Release;
		};
		C8058A781C4D679D005E23BA /* Build configuration list for PBXNativeTarget "Project-Perfect-Citizen" */ = {
			isa = XCConfigurationList;
			buildConfigurations = (
				C8058A791C4D679D005E23BA /* Debug */,
				C8058A7A1C4D679D005E23BA /* Release */,
			);
			defaultConfigurationIsVisible = 0;
			defaultConfigurationName = Release;
		};
/* End XCConfigurationList section */
	};
	rootObject = C8058A5A1C4D679D005E23BA /* Project object */;
}
