// !$*UTF8*$!
{
	archiveVersion = 1;
	classes = {
	};
	objectVersion = 46;
	objects = {

/* Begin PBXBuildFile section */
		C812D6151C61D29600901173 /* Wallpaper.png in Resources */ = {isa = PBXBuildFile; fileRef = C812D6141C61D29600901173 /* Wallpaper.png */; };
		C83752F41C6D3C83002DF7E1 /* textInputKeys.cpp in Sources */ = {isa = PBXBuildFile; fileRef = C83752F21C6D3C83002DF7E1 /* textInputKeys.cpp */; };
		C83752F71C6D3FCA002DF7E1 /* WindowInterface.cpp in Sources */ = {isa = PBXBuildFile; fileRef = C83752F51C6D3FCA002DF7E1 /* WindowInterface.cpp */; };
		C83752FA1C6D449E002DF7E1 /* textBoxRenderComponent.cpp in Sources */ = {isa = PBXBuildFile; fileRef = C83752F81C6D449E002DF7E1 /* textBoxRenderComponent.cpp */; };
		C849139F1C6AA64300F84CB0 /* BaseFileType.cpp in Sources */ = {isa = PBXBuildFile; fileRef = C849135F1C6AA64300F84CB0 /* BaseFileType.cpp */; };
		C84913A11C6AA64300F84CB0 /* ClassDiagram.cd in Resources */ = {isa = PBXBuildFile; fileRef = C84913631C6AA64300F84CB0 /* ClassDiagram.cd */; };
		C84913A21C6AA64300F84CB0 /* component.cpp in Sources */ = {isa = PBXBuildFile; fileRef = C84913641C6AA64300F84CB0 /* component.cpp */; };
		C84913A31C6AA64300F84CB0 /* ComponentObsvr.cpp in Sources */ = {isa = PBXBuildFile; fileRef = C84913661C6AA64300F84CB0 /* ComponentObsvr.cpp */; };
		C84913A41C6AA64300F84CB0 /* debug.cpp in Sources */ = {isa = PBXBuildFile; fileRef = C84913681C6AA64300F84CB0 /* debug.cpp */; };
		C84913A51C6AA64300F84CB0 /* desktop.cpp in Sources */ = {isa = PBXBuildFile; fileRef = C849136A1C6AA64300F84CB0 /* desktop.cpp */; };
		C84913A61C6AA64300F84CB0 /* DesktopLogger.cpp in Sources */ = {isa = PBXBuildFile; fileRef = C849136C1C6AA64300F84CB0 /* DesktopLogger.cpp */; };
		C84913A71C6AA64300F84CB0 /* Entity.cpp in Sources */ = {isa = PBXBuildFile; fileRef = C849136E1C6AA64300F84CB0 /* Entity.cpp */; };
		C84913A81C6AA64300F84CB0 /* EntityDecorator.cpp in Sources */ = {isa = PBXBuildFile; fileRef = C84913701C6AA64300F84CB0 /* EntityDecorator.cpp */; };
		C84913A91C6AA64300F84CB0 /* EntityLogger.cpp in Sources */ = {isa = PBXBuildFile; fileRef = C84913721C6AA64300F84CB0 /* EntityLogger.cpp */; };
		C84913AA1C6AA64300F84CB0 /* InputCmpntLogger.cpp in Sources */ = {isa = PBXBuildFile; fileRef = C84913751C6AA64300F84CB0 /* InputCmpntLogger.cpp */; };
		C84913AB1C6AA64300F84CB0 /* inputComponent.cpp in Sources */ = {isa = PBXBuildFile; fileRef = C84913771C6AA64300F84CB0 /* inputComponent.cpp */; };
		C84913AC1C6AA64300F84CB0 /* InputHandler.cpp in Sources */ = {isa = PBXBuildFile; fileRef = C84913791C6AA64300F84CB0 /* InputHandler.cpp */; };
		C84913AD1C6AA64300F84CB0 /* mousePressButton.cpp in Sources */ = {isa = PBXBuildFile; fileRef = C849137B1C6AA64300F84CB0 /* mousePressButton.cpp */; };
		C84913AE1C6AA64300F84CB0 /* NodeState.cpp in Sources */ = {isa = PBXBuildFile; fileRef = C849137D1C6AA64300F84CB0 /* NodeState.cpp */; };
		C84913AF1C6AA64300F84CB0 /* observer.cpp in Sources */ = {isa = PBXBuildFile; fileRef = C84913801C6AA64300F84CB0 /* observer.cpp */; };
		C84913B01C6AA64300F84CB0 /* RenderCmpntDecorator.cpp in Sources */ = {isa = PBXBuildFile; fileRef = C84913821C6AA64300F84CB0 /* RenderCmpntDecorator.cpp */; };
		C84913B11C6AA64300F84CB0 /* RenderCmpntLogger.cpp in Sources */ = {isa = PBXBuildFile; fileRef = C84913841C6AA64300F84CB0 /* RenderCmpntLogger.cpp */; };
		C84913B21C6AA64300F84CB0 /* subject.cpp in Sources */ = {isa = PBXBuildFile; fileRef = C84913871C6AA64300F84CB0 /* subject.cpp */; };
		C84913B31C6AA64300F84CB0 /* TestObserver.cpp in Sources */ = {isa = PBXBuildFile; fileRef = C84913891C6AA64300F84CB0 /* TestObserver.cpp */; };
		C84913B41C6AA64300F84CB0 /* testRenderSprite.cpp in Sources */ = {isa = PBXBuildFile; fileRef = C849138B1C6AA64300F84CB0 /* testRenderSprite.cpp */; };
		C84913B51C6AA64300F84CB0 /* testRotateSprite.cpp in Sources */ = {isa = PBXBuildFile; fileRef = C849138D1C6AA64300F84CB0 /* testRotateSprite.cpp */; };
		C84913B61C6AA64300F84CB0 /* TreeCommands.cpp in Sources */ = {isa = PBXBuildFile; fileRef = C849138F1C6AA64300F84CB0 /* TreeCommands.cpp */; };
		C84913B71C6AA64300F84CB0 /* UpdateCmpntDecorator.cpp in Sources */ = {isa = PBXBuildFile; fileRef = C84913911C6AA64300F84CB0 /* UpdateCmpntDecorator.cpp */; };
		C84913B81C6AA64300F84CB0 /* UpdateCmpntLogger.cpp in Sources */ = {isa = PBXBuildFile; fileRef = C84913931C6AA64300F84CB0 /* UpdateCmpntLogger.cpp */; };
		C84913B91C6AA64300F84CB0 /* Window.cpp in Sources */ = {isa = PBXBuildFile; fileRef = C84913961C6AA64300F84CB0 /* Window.cpp */; };
		C84913BA1C6AA64300F84CB0 /* WindowDecorator.cpp in Sources */ = {isa = PBXBuildFile; fileRef = C84913981C6AA64300F84CB0 /* WindowDecorator.cpp */; };
		C84913BB1C6AA64300F84CB0 /* WindowLogger.cpp in Sources */ = {isa = PBXBuildFile; fileRef = C849139B1C6AA64300F84CB0 /* WindowLogger.cpp */; };
		C84913BC1C6AA64300F84CB0 /* world.cpp in Sources */ = {isa = PBXBuildFile; fileRef = C849139D1C6AA64300F84CB0 /* world.cpp */; };
		C84913BF1C6AA66B00F84CB0 /* buttonRenderComponent.cpp in Sources */ = {isa = PBXBuildFile; fileRef = C84913BD1C6AA66B00F84CB0 /* buttonRenderComponent.cpp */; };
		C84913C51C6AA6CA00F84CB0 /* animatorComponent.cpp in Sources */ = {isa = PBXBuildFile; fileRef = C84913C31C6AA6CA00F84CB0 /* animatorComponent.cpp */; };
		C84913C71C6AA82E00F84CB0 /* Icon_Sheet.png in Resources */ = {isa = PBXBuildFile; fileRef = C84913C61C6AA82E00F84CB0 /* Icon_Sheet.png */; };
		C858D3961C61C1BB0086199C /* Windows_UI.png in Resources */ = {isa = PBXBuildFile; fileRef = C858D3951C61C1BB0086199C /* Windows_UI.png */; };
		C86E377C1C4D67F200842EFD /* main.cpp in Sources */ = {isa = PBXBuildFile; fileRef = C86E377A1C4D67F200842EFD /* main.cpp */; };
		C86E37AD1C4D6B5100842EFD /* DoxygenHelp.txt in Resources */ = {isa = PBXBuildFile; fileRef = C86E37A71C4D6B5100842EFD /* DoxygenHelp.txt */; };
		C86E37AE1C4D6B5100842EFD /* LinkHelp.txt in Resources */ = {isa = PBXBuildFile; fileRef = C86E37A81C4D6B5100842EFD /* LinkHelp.txt */; };
		C86E37AF1C4D6B5200842EFD /* EngineSettings.ini in Resources */ = {isa = PBXBuildFile; fileRef = C86E37AA1C4D6B5100842EFD /* EngineSettings.ini */; };
		C86E37B11C4D6B5200842EFD /* kappa.png in Resources */ = {isa = PBXBuildFile; fileRef = C86E37AC1C4D6B5100842EFD /* kappa.png */; };
		C881BEE91C4D7C5B008B1EBD /* ResourcePath.mm in Sources */ = {isa = PBXBuildFile; fileRef = C881BEE81C4D7C5B008B1EBD /* ResourcePath.mm */; };
		C8E15F761C6AC666003D83ED /* consoleIconRenderComponent.cpp in Sources */ = {isa = PBXBuildFile; fileRef = C8E15F741C6AC666003D83ED /* consoleIconRenderComponent.cpp */; };
		E9C810551C603DCB00D47DA6 /* jsoncpp.cpp in Sources */ = {isa = PBXBuildFile; fileRef = E9C810541C603DCB00D47DA6 /* jsoncpp.cpp */; };
		E9C810591C603E1600D47DA6 /* dummy.json in Resources */ = {isa = PBXBuildFile; fileRef = E9C810581C603E1600D47DA6 /* dummy.json */; };
/* End PBXBuildFile section */

/* Begin PBXFileReference section */
		C8058A631C4D679D005E23BA /* Project-Perfect-Citizen.app */ = {isa = PBXFileReference; explicitFileType = wrapper.application; includeInIndex = 0; path = "Project-Perfect-Citizen.app"; sourceTree = BUILT_PRODUCTS_DIR; };
		C812D6141C61D29600901173 /* Wallpaper.png */ = {isa = PBXFileReference; lastKnownFileType = image.png; path = Wallpaper.png; sourceTree = "<group>"; };
		C83752F21C6D3C83002DF7E1 /* textInputKeys.cpp */ = {isa = PBXFileReference; fileEncoding = 4; lastKnownFileType = sourcecode.cpp.cpp; path = textInputKeys.cpp; sourceTree = "<group>"; };
		C83752F31C6D3C83002DF7E1 /* textInputKeys.hpp */ = {isa = PBXFileReference; fileEncoding = 4; lastKnownFileType = sourcecode.cpp.h; path = textInputKeys.hpp; sourceTree = "<group>"; };
		C83752F51C6D3FCA002DF7E1 /* WindowInterface.cpp */ = {isa = PBXFileReference; fileEncoding = 4; lastKnownFileType = sourcecode.cpp.cpp; path = WindowInterface.cpp; sourceTree = "<group>"; };
		C83752F61C6D3FCA002DF7E1 /* WindowInterface.h */ = {isa = PBXFileReference; fileEncoding = 4; lastKnownFileType = sourcecode.c.h; path = WindowInterface.h; sourceTree = "<group>"; };
		C83752F81C6D449E002DF7E1 /* textBoxRenderComponent.cpp */ = {isa = PBXFileReference; fileEncoding = 4; lastKnownFileType = sourcecode.cpp.cpp; path = textBoxRenderComponent.cpp; sourceTree = "<group>"; };
		C83752F91C6D449E002DF7E1 /* textBoxRenderComponent.hpp */ = {isa = PBXFileReference; fileEncoding = 4; lastKnownFileType = sourcecode.cpp.h; path = textBoxRenderComponent.hpp; sourceTree = "<group>"; };
		C849135F1C6AA64300F84CB0 /* BaseFileType.cpp */ = {isa = PBXFileReference; fileEncoding = 4; lastKnownFileType = sourcecode.cpp.cpp; path = BaseFileType.cpp; sourceTree = "<group>"; };
		C84913601C6AA64300F84CB0 /* BaseFileType.h */ = {isa = PBXFileReference; fileEncoding = 4; lastKnownFileType = sourcecode.c.h; path = BaseFileType.h; sourceTree = "<group>"; };
		C84913631C6AA64300F84CB0 /* ClassDiagram.cd */ = {isa = PBXFileReference; fileEncoding = 4; lastKnownFileType = text.xml; path = ClassDiagram.cd; sourceTree = "<group>"; };
		C84913641C6AA64300F84CB0 /* component.cpp */ = {isa = PBXFileReference; fileEncoding = 4; lastKnownFileType = sourcecode.cpp.cpp; path = component.cpp; sourceTree = "<group>"; };
		C84913651C6AA64300F84CB0 /* Component.h */ = {isa = PBXFileReference; fileEncoding = 4; lastKnownFileType = sourcecode.c.h; path = Component.h; sourceTree = "<group>"; };
		C84913661C6AA64300F84CB0 /* ComponentObsvr.cpp */ = {isa = PBXFileReference; fileEncoding = 4; lastKnownFileType = sourcecode.cpp.cpp; path = ComponentObsvr.cpp; sourceTree = "<group>"; };
		C84913671C6AA64300F84CB0 /* ComponentObsvr.h */ = {isa = PBXFileReference; fileEncoding = 4; lastKnownFileType = sourcecode.c.h; path = ComponentObsvr.h; sourceTree = "<group>"; };
		C84913681C6AA64300F84CB0 /* debug.cpp */ = {isa = PBXFileReference; fileEncoding = 4; lastKnownFileType = sourcecode.cpp.cpp; path = debug.cpp; sourceTree = "<group>"; };
		C84913691C6AA64300F84CB0 /* debug.h */ = {isa = PBXFileReference; fileEncoding = 4; lastKnownFileType = sourcecode.c.h; path = debug.h; sourceTree = "<group>"; };
		C849136A1C6AA64300F84CB0 /* desktop.cpp */ = {isa = PBXFileReference; fileEncoding = 4; lastKnownFileType = sourcecode.cpp.cpp; path = desktop.cpp; sourceTree = "<group>"; };
		C849136B1C6AA64300F84CB0 /* desktop.h */ = {isa = PBXFileReference; fileEncoding = 4; lastKnownFileType = sourcecode.c.h; path = desktop.h; sourceTree = "<group>"; };
		C849136C1C6AA64300F84CB0 /* DesktopLogger.cpp */ = {isa = PBXFileReference; fileEncoding = 4; lastKnownFileType = sourcecode.cpp.cpp; path = DesktopLogger.cpp; sourceTree = "<group>"; };
		C849136D1C6AA64300F84CB0 /* DesktopLogger.h */ = {isa = PBXFileReference; fileEncoding = 4; lastKnownFileType = sourcecode.c.h; path = DesktopLogger.h; sourceTree = "<group>"; };
		C849136E1C6AA64300F84CB0 /* Entity.cpp */ = {isa = PBXFileReference; fileEncoding = 4; lastKnownFileType = sourcecode.cpp.cpp; path = Entity.cpp; sourceTree = "<group>"; };
		C849136F1C6AA64300F84CB0 /* Entity.h */ = {isa = PBXFileReference; fileEncoding = 4; lastKnownFileType = sourcecode.c.h; path = Entity.h; sourceTree = "<group>"; };
		C84913701C6AA64300F84CB0 /* EntityDecorator.cpp */ = {isa = PBXFileReference; fileEncoding = 4; lastKnownFileType = sourcecode.cpp.cpp; path = EntityDecorator.cpp; sourceTree = "<group>"; };
		C84913711C6AA64300F84CB0 /* EntityDecorator.h */ = {isa = PBXFileReference; fileEncoding = 4; lastKnownFileType = sourcecode.c.h; path = EntityDecorator.h; sourceTree = "<group>"; };
		C84913721C6AA64300F84CB0 /* EntityLogger.cpp */ = {isa = PBXFileReference; fileEncoding = 4; lastKnownFileType = sourcecode.cpp.cpp; path = EntityLogger.cpp; sourceTree = "<group>"; };
		C84913731C6AA64300F84CB0 /* EntityLogger.h */ = {isa = PBXFileReference; fileEncoding = 4; lastKnownFileType = sourcecode.c.h; path = EntityLogger.h; sourceTree = "<group>"; };
		C84913741C6AA64300F84CB0 /* event.h */ = {isa = PBXFileReference; fileEncoding = 4; lastKnownFileType = sourcecode.c.h; path = event.h; sourceTree = "<group>"; };
		C84913751C6AA64300F84CB0 /* InputCmpntLogger.cpp */ = {isa = PBXFileReference; fileEncoding = 4; lastKnownFileType = sourcecode.cpp.cpp; path = InputCmpntLogger.cpp; sourceTree = "<group>"; };
		C84913761C6AA64300F84CB0 /* InputCmpntLogger.h */ = {isa = PBXFileReference; fileEncoding = 4; lastKnownFileType = sourcecode.c.h; path = InputCmpntLogger.h; sourceTree = "<group>"; };
		C84913771C6AA64300F84CB0 /* inputComponent.cpp */ = {isa = PBXFileReference; fileEncoding = 4; lastKnownFileType = sourcecode.cpp.cpp; path = inputComponent.cpp; sourceTree = "<group>"; };
		C84913781C6AA64300F84CB0 /* inputComponent.h */ = {isa = PBXFileReference; fileEncoding = 4; lastKnownFileType = sourcecode.c.h; path = inputComponent.h; sourceTree = "<group>"; };
		C84913791C6AA64300F84CB0 /* InputHandler.cpp */ = {isa = PBXFileReference; fileEncoding = 4; lastKnownFileType = sourcecode.cpp.cpp; path = InputHandler.cpp; sourceTree = "<group>"; };
		C849137A1C6AA64300F84CB0 /* InputHandler.h */ = {isa = PBXFileReference; fileEncoding = 4; lastKnownFileType = sourcecode.c.h; path = InputHandler.h; sourceTree = "<group>"; };
		C849137B1C6AA64300F84CB0 /* mousePressButton.cpp */ = {isa = PBXFileReference; fileEncoding = 4; lastKnownFileType = sourcecode.cpp.cpp; path = mousePressButton.cpp; sourceTree = "<group>"; };
		C849137C1C6AA64300F84CB0 /* mousePressButton.h */ = {isa = PBXFileReference; fileEncoding = 4; lastKnownFileType = sourcecode.c.h; path = mousePressButton.h; sourceTree = "<group>"; };
		C849137D1C6AA64300F84CB0 /* NodeState.cpp */ = {isa = PBXFileReference; fileEncoding = 4; lastKnownFileType = sourcecode.cpp.cpp; path = NodeState.cpp; sourceTree = "<group>"; };
		C849137E1C6AA64300F84CB0 /* NodeState.h */ = {isa = PBXFileReference; fileEncoding = 4; lastKnownFileType = sourcecode.c.h; path = NodeState.h; sourceTree = "<group>"; };
		C849137F1C6AA64300F84CB0 /* ObjectPool.h */ = {isa = PBXFileReference; fileEncoding = 4; lastKnownFileType = sourcecode.c.h; path = ObjectPool.h; sourceTree = "<group>"; };
		C84913801C6AA64300F84CB0 /* observer.cpp */ = {isa = PBXFileReference; fileEncoding = 4; lastKnownFileType = sourcecode.cpp.cpp; path = observer.cpp; sourceTree = "<group>"; };
		C84913811C6AA64300F84CB0 /* observer.h */ = {isa = PBXFileReference; fileEncoding = 4; lastKnownFileType = sourcecode.c.h; path = observer.h; sourceTree = "<group>"; };
		C84913821C6AA64300F84CB0 /* RenderCmpntDecorator.cpp */ = {isa = PBXFileReference; fileEncoding = 4; lastKnownFileType = sourcecode.cpp.cpp; path = RenderCmpntDecorator.cpp; sourceTree = "<group>"; };
		C84913831C6AA64300F84CB0 /* RenderCmpntDecorator.h */ = {isa = PBXFileReference; fileEncoding = 4; lastKnownFileType = sourcecode.c.h; path = RenderCmpntDecorator.h; sourceTree = "<group>"; };
		C84913841C6AA64300F84CB0 /* RenderCmpntLogger.cpp */ = {isa = PBXFileReference; fileEncoding = 4; lastKnownFileType = sourcecode.cpp.cpp; path = RenderCmpntLogger.cpp; sourceTree = "<group>"; };
		C84913851C6AA64300F84CB0 /* RenderCmpntLogger.h */ = {isa = PBXFileReference; fileEncoding = 4; lastKnownFileType = sourcecode.c.h; path = RenderCmpntLogger.h; sourceTree = "<group>"; };
		C84913861C6AA64300F84CB0 /* renderComponent.h */ = {isa = PBXFileReference; fileEncoding = 4; lastKnownFileType = sourcecode.c.h; path = renderComponent.h; sourceTree = "<group>"; };
		C84913871C6AA64300F84CB0 /* subject.cpp */ = {isa = PBXFileReference; fileEncoding = 4; lastKnownFileType = sourcecode.cpp.cpp; path = subject.cpp; sourceTree = "<group>"; };
		C84913881C6AA64300F84CB0 /* subject.h */ = {isa = PBXFileReference; fileEncoding = 4; lastKnownFileType = sourcecode.c.h; path = subject.h; sourceTree = "<group>"; };
		C84913891C6AA64300F84CB0 /* TestObserver.cpp */ = {isa = PBXFileReference; fileEncoding = 4; lastKnownFileType = sourcecode.cpp.cpp; path = TestObserver.cpp; sourceTree = "<group>"; };
		C849138A1C6AA64300F84CB0 /* TestObserver.h */ = {isa = PBXFileReference; fileEncoding = 4; lastKnownFileType = sourcecode.c.h; path = TestObserver.h; sourceTree = "<group>"; };
		C849138B1C6AA64300F84CB0 /* testRenderSprite.cpp */ = {isa = PBXFileReference; fileEncoding = 4; lastKnownFileType = sourcecode.cpp.cpp; path = testRenderSprite.cpp; sourceTree = "<group>"; };
		C849138C1C6AA64300F84CB0 /* testRenderSprite.h */ = {isa = PBXFileReference; fileEncoding = 4; lastKnownFileType = sourcecode.c.h; path = testRenderSprite.h; sourceTree = "<group>"; };
		C849138D1C6AA64300F84CB0 /* testRotateSprite.cpp */ = {isa = PBXFileReference; fileEncoding = 4; lastKnownFileType = sourcecode.cpp.cpp; path = testRotateSprite.cpp; sourceTree = "<group>"; };
		C849138E1C6AA64300F84CB0 /* testRotateSprite.h */ = {isa = PBXFileReference; fileEncoding = 4; lastKnownFileType = sourcecode.c.h; path = testRotateSprite.h; sourceTree = "<group>"; };
		C849138F1C6AA64300F84CB0 /* TreeCommands.cpp */ = {isa = PBXFileReference; fileEncoding = 4; lastKnownFileType = sourcecode.cpp.cpp; path = TreeCommands.cpp; sourceTree = "<group>"; };
		C84913901C6AA64300F84CB0 /* TreeCommands.h */ = {isa = PBXFileReference; fileEncoding = 4; lastKnownFileType = sourcecode.c.h; path = TreeCommands.h; sourceTree = "<group>"; };
		C84913911C6AA64300F84CB0 /* UpdateCmpntDecorator.cpp */ = {isa = PBXFileReference; fileEncoding = 4; lastKnownFileType = sourcecode.cpp.cpp; path = UpdateCmpntDecorator.cpp; sourceTree = "<group>"; };
		C84913921C6AA64300F84CB0 /* UpdateCmpntDecorator.h */ = {isa = PBXFileReference; fileEncoding = 4; lastKnownFileType = sourcecode.c.h; path = UpdateCmpntDecorator.h; sourceTree = "<group>"; };
		C84913931C6AA64300F84CB0 /* UpdateCmpntLogger.cpp */ = {isa = PBXFileReference; fileEncoding = 4; lastKnownFileType = sourcecode.cpp.cpp; path = UpdateCmpntLogger.cpp; sourceTree = "<group>"; };
		C84913941C6AA64300F84CB0 /* UpdateCmpntLogger.h */ = {isa = PBXFileReference; fileEncoding = 4; lastKnownFileType = sourcecode.c.h; path = UpdateCmpntLogger.h; sourceTree = "<group>"; };
		C84913951C6AA64300F84CB0 /* updateComponent.h */ = {isa = PBXFileReference; fileEncoding = 4; lastKnownFileType = sourcecode.c.h; path = updateComponent.h; sourceTree = "<group>"; };
		C84913961C6AA64300F84CB0 /* Window.cpp */ = {isa = PBXFileReference; fileEncoding = 4; lastKnownFileType = sourcecode.cpp.cpp; path = Window.cpp; sourceTree = "<group>"; };
		C84913971C6AA64300F84CB0 /* Window.h */ = {isa = PBXFileReference; fileEncoding = 4; lastKnownFileType = sourcecode.c.h; path = Window.h; sourceTree = "<group>"; };
		C84913981C6AA64300F84CB0 /* WindowDecorator.cpp */ = {isa = PBXFileReference; fileEncoding = 4; lastKnownFileType = sourcecode.cpp.cpp; path = WindowDecorator.cpp; sourceTree = "<group>"; };
		C84913991C6AA64300F84CB0 /* WindowDecorator.h */ = {isa = PBXFileReference; fileEncoding = 4; lastKnownFileType = sourcecode.c.h; path = WindowDecorator.h; sourceTree = "<group>"; };
		C849139B1C6AA64300F84CB0 /* WindowLogger.cpp */ = {isa = PBXFileReference; fileEncoding = 4; lastKnownFileType = sourcecode.cpp.cpp; path = WindowLogger.cpp; sourceTree = "<group>"; };
		C849139C1C6AA64300F84CB0 /* WindowLogger.h */ = {isa = PBXFileReference; fileEncoding = 4; lastKnownFileType = sourcecode.c.h; path = WindowLogger.h; sourceTree = "<group>"; };
		C849139D1C6AA64300F84CB0 /* world.cpp */ = {isa = PBXFileReference; fileEncoding = 4; lastKnownFileType = sourcecode.cpp.cpp; path = world.cpp; sourceTree = "<group>"; };
		C849139E1C6AA64300F84CB0 /* world.h */ = {isa = PBXFileReference; fileEncoding = 4; lastKnownFileType = sourcecode.c.h; path = world.h; sourceTree = "<group>"; };
		C84913BD1C6AA66B00F84CB0 /* buttonRenderComponent.cpp */ = {isa = PBXFileReference; fileEncoding = 4; lastKnownFileType = sourcecode.cpp.cpp; path = buttonRenderComponent.cpp; sourceTree = "<group>"; };
		C84913BE1C6AA66B00F84CB0 /* buttonRenderComponent.h */ = {isa = PBXFileReference; fileEncoding = 4; lastKnownFileType = sourcecode.c.h; path = buttonRenderComponent.h; sourceTree = "<group>"; };
		C84913C31C6AA6CA00F84CB0 /* animatorComponent.cpp */ = {isa = PBXFileReference; fileEncoding = 4; lastKnownFileType = sourcecode.cpp.cpp; path = animatorComponent.cpp; sourceTree = "<group>"; };
		C84913C41C6AA6CA00F84CB0 /* animatorComponent.hpp */ = {isa = PBXFileReference; fileEncoding = 4; lastKnownFileType = sourcecode.cpp.h; path = animatorComponent.hpp; sourceTree = "<group>"; };
		C84913C61C6AA82E00F84CB0 /* Icon_Sheet.png */ = {isa = PBXFileReference; lastKnownFileType = image.png; path = Icon_Sheet.png; sourceTree = "<group>"; };
		C858D3951C61C1BB0086199C /* Windows_UI.png */ = {isa = PBXFileReference; lastKnownFileType = image.png; path = Windows_UI.png; sourceTree = "<group>"; };
		C86E377A1C4D67F200842EFD /* main.cpp */ = {isa = PBXFileReference; fileEncoding = 4; lastKnownFileType = sourcecode.cpp.cpp; name = main.cpp; path = Code/main.cpp; sourceTree = SOURCE_ROOT; };
		C86E37A71C4D6B5100842EFD /* DoxygenHelp.txt */ = {isa = PBXFileReference; fileEncoding = 4; lastKnownFileType = text; path = DoxygenHelp.txt; sourceTree = "<group>"; };
		C86E37A81C4D6B5100842EFD /* LinkHelp.txt */ = {isa = PBXFileReference; fileEncoding = 4; lastKnownFileType = text; path = LinkHelp.txt; sourceTree = "<group>"; };
		C86E37AA1C4D6B5100842EFD /* EngineSettings.ini */ = {isa = PBXFileReference; fileEncoding = 4; lastKnownFileType = text; path = EngineSettings.ini; sourceTree = "<group>"; };
		C86E37AB1C4D6B5100842EFD /* Project-Perfect-Citizen-Info.plist */ = {isa = PBXFileReference; fileEncoding = 4; lastKnownFileType = text.plist.xml; path = "Project-Perfect-Citizen-Info.plist"; sourceTree = "<group>"; };
		C86E37AC1C4D6B5100842EFD /* kappa.png */ = {isa = PBXFileReference; lastKnownFileType = image.png; path = kappa.png; sourceTree = "<group>"; };
		C881BEE71C4D7C5B008B1EBD /* ResourcePath.hpp */ = {isa = PBXFileReference; fileEncoding = 4; lastKnownFileType = sourcecode.cpp.h; name = ResourcePath.hpp; path = Resources/ResourcePath.hpp; sourceTree = SOURCE_ROOT; };
		C881BEE81C4D7C5B008B1EBD /* ResourcePath.mm */ = {isa = PBXFileReference; fileEncoding = 4; lastKnownFileType = sourcecode.cpp.objcpp; name = ResourcePath.mm; path = Resources/ResourcePath.mm; sourceTree = SOURCE_ROOT; };
		C8E15F741C6AC666003D83ED /* consoleIconRenderComponent.cpp */ = {isa = PBXFileReference; fileEncoding = 4; lastKnownFileType = sourcecode.cpp.cpp; path = consoleIconRenderComponent.cpp; sourceTree = "<group>"; };
		C8E15F751C6AC666003D83ED /* consoleIconRenderComponent.h */ = {isa = PBXFileReference; fileEncoding = 4; lastKnownFileType = sourcecode.c.h; path = consoleIconRenderComponent.h; sourceTree = "<group>"; };
		E9C810541C603DCB00D47DA6 /* jsoncpp.cpp */ = {isa = PBXFileReference; fileEncoding = 4; lastKnownFileType = sourcecode.cpp.cpp; name = jsoncpp.cpp; path = Code/Library/jsoncpp.cpp; sourceTree = SOURCE_ROOT; };
		E9C810561C603DD700D47DA6 /* json-forwards.h */ = {isa = PBXFileReference; lastKnownFileType = sourcecode.c.h; name = "json-forwards.h"; path = "Code/Library/json/json-forwards.h"; sourceTree = SOURCE_ROOT; };
		E9C810571C603DD700D47DA6 /* json.h */ = {isa = PBXFileReference; lastKnownFileType = sourcecode.c.h; name = json.h; path = Code/Library/json/json.h; sourceTree = SOURCE_ROOT; };
		E9C810581C603E1600D47DA6 /* dummy.json */ = {isa = PBXFileReference; fileEncoding = 4; lastKnownFileType = text.json; path = dummy.json; sourceTree = "<group>"; };
/* End PBXFileReference section */

/* Begin PBXFrameworksBuildPhase section */
		C8058A5F1C4D679D005E23BA /* Frameworks */ = {
			isa = PBXFrameworksBuildPhase;
			buildActionMask = 2147483647;
			files = (
			);
			runOnlyForDeploymentPostprocessing = 0;
		};
/* End PBXFrameworksBuildPhase section */

/* Begin PBXGroup section */
		C8058A591C4D679D005E23BA = {
			isa = PBXGroup;
			children = (
				C8058A651C4D679D005E23BA /* Project-Perfect-Citizen */,
				C8058A641C4D679D005E23BA /* Products */,
			);
			sourceTree = "<group>";
		};
		C8058A641C4D679D005E23BA /* Products */ = {
			isa = PBXGroup;
			children = (
				C8058A631C4D679D005E23BA /* Project-Perfect-Citizen.app */,
			);
			name = Products;
			sourceTree = "<group>";
		};
		C8058A651C4D679D005E23BA /* Project-Perfect-Citizen */ = {
			isa = PBXGroup;
			children = (
				E9C810521C603DB900D47DA6 /* Library */,
				C86E37901C4D6B4100842EFD /* Engine */,
				C86E377A1C4D67F200842EFD /* main.cpp */,
				C86E37A51C4D6B5100842EFD /* Resources */,
			);
			path = "Project-Perfect-Citizen";
			sourceTree = "<group>";
		};
		C86E37901C4D6B4100842EFD /* Engine */ = {
			isa = PBXGroup;
			children = (
				C84913C41C6AA6CA00F84CB0 /* animatorComponent.hpp */,
				C84913C31C6AA6CA00F84CB0 /* animatorComponent.cpp */,
				C84913BD1C6AA66B00F84CB0 /* buttonRenderComponent.cpp */,
				C84913BE1C6AA66B00F84CB0 /* buttonRenderComponent.h */,
				C849137B1C6AA64300F84CB0 /* mousePressButton.cpp */,
				C849137C1C6AA64300F84CB0 /* mousePressButton.h */,
				C83752F81C6D449E002DF7E1 /* textBoxRenderComponent.cpp */,
				C83752F91C6D449E002DF7E1 /* textBoxRenderComponent.hpp */,
				C83752F21C6D3C83002DF7E1 /* textInputKeys.cpp */,
				C83752F31C6D3C83002DF7E1 /* textInputKeys.hpp */,
				C849135F1C6AA64300F84CB0 /* BaseFileType.cpp */,
				C84913601C6AA64300F84CB0 /* BaseFileType.h */,
				C84913631C6AA64300F84CB0 /* ClassDiagram.cd */,
				C84913641C6AA64300F84CB0 /* component.cpp */,
				C84913651C6AA64300F84CB0 /* Component.h */,
				C84913661C6AA64300F84CB0 /* ComponentObsvr.cpp */,
				C84913671C6AA64300F84CB0 /* ComponentObsvr.h */,
				C8E15F741C6AC666003D83ED /* consoleIconRenderComponent.cpp */,
				C8E15F751C6AC666003D83ED /* consoleIconRenderComponent.h */,
				C84913681C6AA64300F84CB0 /* debug.cpp */,
				C84913691C6AA64300F84CB0 /* debug.h */,
				C849136A1C6AA64300F84CB0 /* desktop.cpp */,
				C849136B1C6AA64300F84CB0 /* desktop.h */,
				C849136C1C6AA64300F84CB0 /* DesktopLogger.cpp */,
				C849136D1C6AA64300F84CB0 /* DesktopLogger.h */,
				C849136E1C6AA64300F84CB0 /* Entity.cpp */,
				C849136F1C6AA64300F84CB0 /* Entity.h */,
				C84913701C6AA64300F84CB0 /* EntityDecorator.cpp */,
				C84913711C6AA64300F84CB0 /* EntityDecorator.h */,
				C84913721C6AA64300F84CB0 /* EntityLogger.cpp */,
				C84913731C6AA64300F84CB0 /* EntityLogger.h */,
				C84913741C6AA64300F84CB0 /* event.h */,
				C84913751C6AA64300F84CB0 /* InputCmpntLogger.cpp */,
				C84913761C6AA64300F84CB0 /* InputCmpntLogger.h */,
				C84913771C6AA64300F84CB0 /* inputComponent.cpp */,
				C84913781C6AA64300F84CB0 /* inputComponent.h */,
				C84913791C6AA64300F84CB0 /* InputHandler.cpp */,
				C849137A1C6AA64300F84CB0 /* InputHandler.h */,
				C849137D1C6AA64300F84CB0 /* NodeState.cpp */,
				C849137E1C6AA64300F84CB0 /* NodeState.h */,
				C849137F1C6AA64300F84CB0 /* ObjectPool.h */,
				C84913801C6AA64300F84CB0 /* observer.cpp */,
				C84913811C6AA64300F84CB0 /* observer.h */,
				C84913821C6AA64300F84CB0 /* RenderCmpntDecorator.cpp */,
				C84913831C6AA64300F84CB0 /* RenderCmpntDecorator.h */,
				C84913841C6AA64300F84CB0 /* RenderCmpntLogger.cpp */,
				C84913851C6AA64300F84CB0 /* RenderCmpntLogger.h */,
				C84913861C6AA64300F84CB0 /* renderComponent.h */,
				C84913871C6AA64300F84CB0 /* subject.cpp */,
				C84913881C6AA64300F84CB0 /* subject.h */,
				C84913891C6AA64300F84CB0 /* TestObserver.cpp */,
				C849138A1C6AA64300F84CB0 /* TestObserver.h */,
				C849138B1C6AA64300F84CB0 /* testRenderSprite.cpp */,
				C849138C1C6AA64300F84CB0 /* testRenderSprite.h */,
				C849138D1C6AA64300F84CB0 /* testRotateSprite.cpp */,
				C849138E1C6AA64300F84CB0 /* testRotateSprite.h */,
				C849138F1C6AA64300F84CB0 /* TreeCommands.cpp */,
				C84913901C6AA64300F84CB0 /* TreeCommands.h */,
				C84913911C6AA64300F84CB0 /* UpdateCmpntDecorator.cpp */,
				C84913921C6AA64300F84CB0 /* UpdateCmpntDecorator.h */,
				C84913931C6AA64300F84CB0 /* UpdateCmpntLogger.cpp */,
				C84913941C6AA64300F84CB0 /* UpdateCmpntLogger.h */,
				C84913951C6AA64300F84CB0 /* updateComponent.h */,
				C84913961C6AA64300F84CB0 /* Window.cpp */,
				C84913971C6AA64300F84CB0 /* Window.h */,
				C84913981C6AA64300F84CB0 /* WindowDecorator.cpp */,
				C84913991C6AA64300F84CB0 /* WindowDecorator.h */,
				C83752F51C6D3FCA002DF7E1 /* WindowInterface.cpp */,
				C83752F61C6D3FCA002DF7E1 /* WindowInterface.h */,
				C849139B1C6AA64300F84CB0 /* WindowLogger.cpp */,
				C849139C1C6AA64300F84CB0 /* WindowLogger.h */,
				C849139D1C6AA64300F84CB0 /* world.cpp */,
				C849139E1C6AA64300F84CB0 /* world.h */,
			);
			name = Engine;
			path = Code/Engine;
			sourceTree = SOURCE_ROOT;
		};
		C86E37A51C4D6B5100842EFD /* Resources */ = {
			isa = PBXGroup;
			children = (
				C84913C61C6AA82E00F84CB0 /* Icon_Sheet.png */,
				C812D6141C61D29600901173 /* Wallpaper.png */,
				C858D3951C61C1BB0086199C /* Windows_UI.png */,
				E9C810581C603E1600D47DA6 /* dummy.json */,
				C881BEE71C4D7C5B008B1EBD /* ResourcePath.hpp */,
				C881BEE81C4D7C5B008B1EBD /* ResourcePath.mm */,
				C86E37A61C4D6B5100842EFD /* Coding Reference */,
				C86E37A91C4D6B5100842EFD /* Engine */,
				C86E37AC1C4D6B5100842EFD /* kappa.png */,
			);
			path = Resources;
			sourceTree = SOURCE_ROOT;
		};
		C86E37A61C4D6B5100842EFD /* Coding Reference */ = {
			isa = PBXGroup;
			children = (
				C86E37A71C4D6B5100842EFD /* DoxygenHelp.txt */,
				C86E37A81C4D6B5100842EFD /* LinkHelp.txt */,
			);
			path = "Coding Reference";
			sourceTree = "<group>";
		};
		C86E37A91C4D6B5100842EFD /* Engine */ = {
			isa = PBXGroup;
			children = (
				C86E37AA1C4D6B5100842EFD /* EngineSettings.ini */,
				C86E37AB1C4D6B5100842EFD /* Project-Perfect-Citizen-Info.plist */,
			);
			path = Engine;
			sourceTree = "<group>";
		};
		E9C810521C603DB900D47DA6 /* Library */ = {
			isa = PBXGroup;
			children = (
				E9C810541C603DCB00D47DA6 /* jsoncpp.cpp */,
				E9C810531C603DC200D47DA6 /* json */,
			);
			name = Library;
			sourceTree = "<group>";
		};
		E9C810531C603DC200D47DA6 /* json */ = {
			isa = PBXGroup;
			children = (
				E9C810561C603DD700D47DA6 /* json-forwards.h */,
				E9C810571C603DD700D47DA6 /* json.h */,
			);
			name = json;
			sourceTree = "<group>";
		};
/* End PBXGroup section */

/* Begin PBXNativeTarget section */
		C8058A621C4D679D005E23BA /* Project-Perfect-Citizen */ = {
			isa = PBXNativeTarget;
			buildConfigurationList = C8058A781C4D679D005E23BA /* Build configuration list for PBXNativeTarget "Project-Perfect-Citizen" */;
			buildPhases = (
				C8058A5E1C4D679D005E23BA /* Sources */,
				C8058A5F1C4D679D005E23BA /* Frameworks */,
				C8058A601C4D679D005E23BA /* Resources */,
				C8058A611C4D679D005E23BA /* ShellScript */,
			);
			buildRules = (
			);
			dependencies = (
			);
			name = "Project-Perfect-Citizen";
			productName = "Project-Perfect-Citizen";
			productReference = C8058A631C4D679D005E23BA /* Project-Perfect-Citizen.app */;
			productType = "com.apple.product-type.application";
		};
/* End PBXNativeTarget section */

/* Begin PBXProject section */
		C8058A5A1C4D679D005E23BA /* Project object */ = {
			isa = PBXProject;
			attributes = {
				LastUpgradeCheck = 0710;
				ORGANIZATIONNAME = "Hyperfocus Games";
				TargetAttributes = {
					C8058A621C4D679D005E23BA = {
						CreatedOnToolsVersion = 7.1.1;
					};
				};
			};
			buildConfigurationList = C8058A5D1C4D679D005E23BA /* Build configuration list for PBXProject "Project-Perfect-Citizen" */;
			compatibilityVersion = "Xcode 3.2";
			developmentRegion = English;
			hasScannedForEncodings = 0;
			knownRegions = (
				en,
			);
			mainGroup = C8058A591C4D679D005E23BA;
			productRefGroup = C8058A641C4D679D005E23BA /* Products */;
			projectDirPath = "";
			projectRoot = "";
			targets = (
				C8058A621C4D679D005E23BA /* Project-Perfect-Citizen */,
			);
		};
/* End PBXProject section */

/* Begin PBXResourcesBuildPhase section */
		C8058A601C4D679D005E23BA /* Resources */ = {
			isa = PBXResourcesBuildPhase;
			buildActionMask = 2147483647;
			files = (
				C812D6151C61D29600901173 /* Wallpaper.png in Resources */,
				C86E37AF1C4D6B5200842EFD /* EngineSettings.ini in Resources */,
				E9C810591C603E1600D47DA6 /* dummy.json in Resources */,
				C86E37B11C4D6B5200842EFD /* kappa.png in Resources */,
				C858D3961C61C1BB0086199C /* Windows_UI.png in Resources */,
				C86E37AD1C4D6B5100842EFD /* DoxygenHelp.txt in Resources */,
				C86E37AE1C4D6B5100842EFD /* LinkHelp.txt in Resources */,
				C84913A11C6AA64300F84CB0 /* ClassDiagram.cd in Resources */,
				C84913C71C6AA82E00F84CB0 /* Icon_Sheet.png in Resources */,
			);
			runOnlyForDeploymentPostprocessing = 0;
		};
/* End PBXResourcesBuildPhase section */

/* Begin PBXShellScriptBuildPhase section */
		C8058A611C4D679D005E23BA /* ShellScript */ = {
			isa = PBXShellScriptBuildPhase;
			buildActionMask = 2147483647;
			files = (
			);
			inputPaths = (
			);
			outputPaths = (
			);
			runOnlyForDeploymentPostprocessing = 0;
			shellPath = /bin/sh;
			shellScript = "# This shell script simply copies required SFML dylibs/frameworks into the application bundle frameworks folder.\n# If you're using static libraries (which is not recommended) you should remove this script from your project.\n\n# SETTINGS\nCMAKE_INSTALL_FRAMEWORK_PREFIX=\"/Library/Frameworks\"\nCMAKE_INSTALL_LIB_PREFIX=\"/usr/local/lib\"\nFRAMEWORKS_FULL_PATH=\"$BUILT_PRODUCTS_DIR/$FRAMEWORKS_FOLDER_PATH/\"\n\n# Are we building a project that uses frameworks or dylibs?\ncase \"$SFML_BINARY_TYPE\" in\n    DYLIBS)\n        frameworks=\"false\"\n        ;;\n    *)\n        frameworks=\"true\"\n        ;;\nesac\n\n# Echoes to stderr\nerror () # $* message to display\n{\n    echo $* 1>&2\n    exit 2\n}\n\nassert () # $1 is a boolean, $2...N is an error message\n{\n    if [ $# -lt 2 ]\n    then\n        error \"Internal error in assert: not enough args\"\n    fi\n\n    if [ $1 -ne 0 ]\n    then\n        shift\n        error \"$*\"\n    fi\n}\n\nforce_remove () # $@ is some paths\n{\n    test $# -ge 1\n    assert $? \"force_remove() requires at least one parameter\"\n    rm -fr $@\n    assert $? \"couldn't remove $@\"\n}\n\ncopy () # $1 is a source, $2 is a destination\n{\n    test $# -eq 2\n    assert $? \"copy() requires two parameters\"\n    ditto \"$1\" \"$2\"\n    assert $? \"couldn't copy $1 to $2\"\n}\n\nrequire () # $1 is a SFML module like 'system' or 'audio'\n{\n    dest=\"$BUILT_PRODUCTS_DIR/$FRAMEWORKS_FOLDER_PATH/\"\n\n    if [ -z \"$1\" ]\n    then\n        error \"require() requires one parameter!\"\n    else\n        # clean potentially old stuff\n        force_remove \"$dest/libsfml-$1\"*\n        force_remove \"$dest/sfml-$1.framework\"\n\n        # copy SFML libraries\n        if [ \"$frameworks\" = \"true\" ]\n        then\n            source=\"$CMAKE_INSTALL_FRAMEWORK_PREFIX/sfml-$1.framework\"\n            target=\"sfml-$1.framework\"\n        elif [ \"$SFML_LINK_DYLIBS_SUFFIX\" = \"-d\" ]\n        then\n            source=\"$CMAKE_INSTALL_LIB_PREFIX/libsfml-$1-d.dylib\"\n            target=\"`readlink $source`\"\n        else\n            source=\"$CMAKE_INSTALL_LIB_PREFIX/libsfml-$1.dylib\"\n            target=\"`readlink $source`\"\n        fi\n\n        copy \"$source\" \"$dest/$target\"\n\n        # copy extra dependencies\n        if [ \"$1\" = \"audio\" ]\n        then\n            # copy \"FLAC\" \"ogg\" \"vorbis\" \"vorbisenc\" \"vorbisfile\" \"OpenAL\" frameworks too\n            for f in \"FLAC\" \"ogg\" \"vorbis\" \"vorbisenc\" \"vorbisfile\" \"OpenAL\"\n            do\n                copy \"$CMAKE_INSTALL_FRAMEWORK_PREFIX/$f.framework\" \"$dest/$f.framework\"\n            done\n        elif [ \"$1\" = \"graphics\" ]\n        then\n            copy \"$CMAKE_INSTALL_FRAMEWORK_PREFIX/freetype.framework\" \"$dest/freetype.framework\"\n        fi\n    fi\n}\n\nif [ -n \"$SFML_SYSTEM\" ]\nthen\n    require \"system\"\nfi\n\nif [ -n \"$SFML_AUDIO\" ]\nthen\n    require \"audio\"\nfi\n\nif [ -n \"$SFML_NETWORK\" ]\nthen\n    require \"network\"\nfi\n\nif [ -n \"$SFML_WINDOW\" ]\nthen\n    require \"window\"\nfi\n\nif [ -n \"$SFML_GRAPHICS\" ]\nthen\n    require \"graphics\"\nfi\n\n                ";
		};
/* End PBXShellScriptBuildPhase section */

/* Begin PBXSourcesBuildPhase section */
		C8058A5E1C4D679D005E23BA /* Sources */ = {
			isa = PBXSourcesBuildPhase;
			buildActionMask = 2147483647;
			files = (
				C8E15F761C6AC666003D83ED /* consoleIconRenderComponent.cpp in Sources */,
				C84913B21C6AA64300F84CB0 /* subject.cpp in Sources */,
				E9C810551C603DCB00D47DA6 /* jsoncpp.cpp in Sources */,
				C84913BC1C6AA64300F84CB0 /* world.cpp in Sources */,
				C84913A41C6AA64300F84CB0 /* debug.cpp in Sources */,
				C84913A61C6AA64300F84CB0 /* DesktopLogger.cpp in Sources */,
				C84913A71C6AA64300F84CB0 /* Entity.cpp in Sources */,
				C84913AB1C6AA64300F84CB0 /* inputComponent.cpp in Sources */,
				C84913A81C6AA64300F84CB0 /* EntityDecorator.cpp in Sources */,
				C84913BA1C6AA64300F84CB0 /* WindowDecorator.cpp in Sources */,
				C84913AA1C6AA64300F84CB0 /* InputCmpntLogger.cpp in Sources */,
				C84913A31C6AA64300F84CB0 /* ComponentObsvr.cpp in Sources */,
				C84913AE1C6AA64300F84CB0 /* NodeState.cpp in Sources */,
				C84913A51C6AA64300F84CB0 /* desktop.cpp in Sources */,
				C84913B41C6AA64300F84CB0 /* testRenderSprite.cpp in Sources */,
				C84913AD1C6AA64300F84CB0 /* mousePressButton.cpp in Sources */,
				C84913B51C6AA64300F84CB0 /* testRotateSprite.cpp in Sources */,
				C84913AF1C6AA64300F84CB0 /* observer.cpp in Sources */,
				C86E377C1C4D67F200842EFD /* main.cpp in Sources */,
				C84913B01C6AA64300F84CB0 /* RenderCmpntDecorator.cpp in Sources */,
				C84913B31C6AA64300F84CB0 /* TestObserver.cpp in Sources */,
				C849139F1C6AA64300F84CB0 /* BaseFileType.cpp in Sources */,
				C83752F41C6D3C83002DF7E1 /* textInputKeys.cpp in Sources */,
				C84913B91C6AA64300F84CB0 /* Window.cpp in Sources */,
				C84913A91C6AA64300F84CB0 /* EntityLogger.cpp in Sources */,
				C84913B61C6AA64300F84CB0 /* TreeCommands.cpp in Sources */,
				C84913B71C6AA64300F84CB0 /* UpdateCmpntDecorator.cpp in Sources */,
				C84913BF1C6AA66B00F84CB0 /* buttonRenderComponent.cpp in Sources */,
				C881BEE91C4D7C5B008B1EBD /* ResourcePath.mm in Sources */,
				C84913A21C6AA64300F84CB0 /* component.cpp in Sources */,
				C84913B11C6AA64300F84CB0 /* RenderCmpntLogger.cpp in Sources */,
				C84913C51C6AA6CA00F84CB0 /* animatorComponent.cpp in Sources */,
				C83752FA1C6D449E002DF7E1 /* textBoxRenderComponent.cpp in Sources */,
				C84913AC1C6AA64300F84CB0 /* InputHandler.cpp in Sources */,
				C83752F71C6D3FCA002DF7E1 /* WindowInterface.cpp in Sources */,
				C84913BB1C6AA64300F84CB0 /* WindowLogger.cpp in Sources */,
				C84913B81C6AA64300F84CB0 /* UpdateCmpntLogger.cpp in Sources */,
			);
			runOnlyForDeploymentPostprocessing = 0;
		};
/* End PBXSourcesBuildPhase section */

/* Begin XCBuildConfiguration section */
		C8058A761C4D679D005E23BA /* Debug */ = {
			isa = XCBuildConfiguration;
			buildSettings = {
				ARCHS = (
					i386,
					x86_64,
				);
				CLANG_CXX_LANGUAGE_STANDARD = "c++0x";
				CLANG_CXX_LIBRARY = "libc++";
				FRAMEWORK_SEARCH_PATHS = (
					/Library/Frameworks/,
					"$(inherited)",
				);
				GCC_VERSION = com.apple.compilers.llvm.clang.1_0;
				HEADER_SEARCH_PATHS = (
					/usr/local/include/,
					"$(inherited)",
				);
				LIBRARY_SEARCH_PATHS = (
					/usr/local/lib/,
					"$(inherited)",
				);
				MACOSX_DEPLOYMENT_TARGET = 10.7;
				OTHER_LDFLAGS = (
					"$(inherited)",
					"$(SFML_SYSTEM)",
					"$(SFML_WINDOW)",
					"$(SFML_GRAPHICS)",
					"$(SFML_AUDIO)",
					"$(SFML_NETWORK)",
				);
				SFML_AUDIO = "$(SFML_LINK_PREFIX) sfml-audio$(SFML_LINK_SUFFIX)";
				SFML_BINARY_TYPE = FRAMEWORKS;
				SFML_GRAPHICS = "$(SFML_LINK_PREFIX) sfml-graphics$(SFML_LINK_SUFFIX)";
				SFML_LINK_DYLIBS_PREFIX = "-l";
				SFML_LINK_DYLIBS_SUFFIX = "";
				SFML_LINK_FRAMEWORKS_PREFIX = "-framework";
				SFML_LINK_FRAMEWORKS_SUFFIX = "";
				SFML_LINK_PREFIX = "$(SFML_LINK_$(SFML_BINARY_TYPE)_PREFIX)";
				SFML_LINK_SUFFIX = "$(SFML_LINK_$(SFML_BINARY_TYPE)_SUFFIX)";
				SFML_NETWORK = "$(SFML_LINK_PREFIX) sfml-network$(SFML_LINK_SUFFIX)";
				SFML_SYSTEM = "$(SFML_LINK_PREFIX) sfml-system$(SFML_LINK_SUFFIX)";
				SFML_WINDOW = "$(SFML_LINK_PREFIX) sfml-window$(SFML_LINK_SUFFIX)";
				SUPPORTED_PLATFORMS = macosx;
			};
			name = Debug;
		};
		C8058A771C4D679D005E23BA /* Release */ = {
			isa = XCBuildConfiguration;
			buildSettings = {
				ARCHS = (
					i386,
					x86_64,
				);
				CLANG_CXX_LANGUAGE_STANDARD = "c++0x";
				CLANG_CXX_LIBRARY = "libc++";
				FRAMEWORK_SEARCH_PATHS = (
					/Library/Frameworks/,
					"$(inherited)",
				);
				GCC_VERSION = com.apple.compilers.llvm.clang.1_0;
				HEADER_SEARCH_PATHS = (
					/usr/local/include/,
					"$(inherited)",
				);
				LIBRARY_SEARCH_PATHS = (
					/usr/local/lib/,
					"$(inherited)",
				);
				MACOSX_DEPLOYMENT_TARGET = 10.7;
				OTHER_LDFLAGS = (
					"$(inherited)",
					"$(SFML_SYSTEM)",
					"$(SFML_WINDOW)",
					"$(SFML_GRAPHICS)",
					"$(SFML_AUDIO)",
					"$(SFML_NETWORK)",
				);
				SFML_AUDIO = "$(SFML_LINK_PREFIX) sfml-audio$(SFML_LINK_SUFFIX)";
				SFML_BINARY_TYPE = FRAMEWORKS;
				SFML_GRAPHICS = "$(SFML_LINK_PREFIX) sfml-graphics$(SFML_LINK_SUFFIX)";
				SFML_LINK_DYLIBS_PREFIX = "-l";
				SFML_LINK_DYLIBS_SUFFIX = "";
				SFML_LINK_FRAMEWORKS_PREFIX = "-framework";
				SFML_LINK_FRAMEWORKS_SUFFIX = "";
				SFML_LINK_PREFIX = "$(SFML_LINK_$(SFML_BINARY_TYPE)_PREFIX)";
				SFML_LINK_SUFFIX = "$(SFML_LINK_$(SFML_BINARY_TYPE)_SUFFIX)";
				SFML_NETWORK = "$(SFML_LINK_PREFIX) sfml-network$(SFML_LINK_SUFFIX)";
				SFML_SYSTEM = "$(SFML_LINK_PREFIX) sfml-system$(SFML_LINK_SUFFIX)";
				SFML_WINDOW = "$(SFML_LINK_PREFIX) sfml-window$(SFML_LINK_SUFFIX)";
				SUPPORTED_PLATFORMS = macosx;
			};
			name = Release;
		};
		C8058A791C4D679D005E23BA /* Debug */ = {
			isa = XCBuildConfiguration;
			buildSettings = {
				INFOPLIST_FILE = "$(SRCROOT)/Resources/Engine/Project-Perfect-Citizen-Info.plist";
				LD_RUNPATH_SEARCH_PATHS = "@loader_path/../Frameworks";
				PRODUCT_NAME = "$(TARGET_NAME)";
			};
			name = Debug;
		};
		C8058A7A1C4D679D005E23BA /* Release */ = {
			isa = XCBuildConfiguration;
			buildSettings = {
				INFOPLIST_FILE = "$(SRCROOT)/Resources/Engine/Project-Perfect-Citizen-Info.plist";
				LD_RUNPATH_SEARCH_PATHS = "@loader_path/../Frameworks";
				PRODUCT_NAME = "$(TARGET_NAME)";
			};
			name = Release;
		};
/* End XCBuildConfiguration section */

/* Begin XCConfigurationList section */
		C8058A5D1C4D679D005E23BA /* Build configuration list for PBXProject "Project-Perfect-Citizen" */ = {
			isa = XCConfigurationList;
			buildConfigurations = (
				C8058A761C4D679D005E23BA /* Debug */,
				C8058A771C4D679D005E23BA /* Release */,
			);
			defaultConfigurationIsVisible = 0;
			defaultConfigurationName = Release;
		};
		C8058A781C4D679D005E23BA /* Build configuration list for PBXNativeTarget "Project-Perfect-Citizen" */ = {
			isa = XCConfigurationList;
			buildConfigurations = (
				C8058A791C4D679D005E23BA /* Debug */,
				C8058A7A1C4D679D005E23BA /* Release */,
			);
			defaultConfigurationIsVisible = 0;
			defaultConfigurationName = Release;
		};
/* End XCConfigurationList section */
	};
	rootObject = C8058A5A1C4D679D005E23BA /* Project object */;
}
