<?xml version="1.0" encoding="utf-8"?>
<Project ToolsVersion="4.0" xmlns="http://schemas.microsoft.com/developer/msbuild/2003">
  <ItemGroup>
    <Filter Include="Source Files">
      <UniqueIdentifier>{4FC737F1-C7A5-4376-A066-2A32D752A2FF}</UniqueIdentifier>
      <Extensions>cpp;c;cc;cxx;def;odl;idl;hpj;bat;asm;asmx</Extensions>
    </Filter>
    <Filter Include="Header Files">
      <UniqueIdentifier>{93995380-89BD-4b04-88EB-625FBE52EBFB}</UniqueIdentifier>
      <Extensions>h;hh;hpp;hxx;hm;inl;inc;xsd</Extensions>
    </Filter>
    <Filter Include="Resource Files">
      <UniqueIdentifier>{67DA6AB6-F800-4c08-8B7A-83BB121AAD01}</UniqueIdentifier>
      <Extensions>rc;ico;cur;bmp;dlg;rc2;rct;bin;rgs;gif;jpg;jpeg;jpe;resx;tiff;tif;png;wav;mfcribbon-ms</Extensions>
    </Filter>
    <Filter Include="Header Files\Helios %282D Engine%29">
      <UniqueIdentifier>{c095eed6-b971-45b1-a3f8-ec6d13c537ce}</UniqueIdentifier>
    </Filter>
    <Filter Include="Source Files\Helios %282D Engine%29">
      <UniqueIdentifier>{c45c9684-e9fe-4e1b-b3ec-1d69dae335a5}</UniqueIdentifier>
    </Filter>
    <Filter Include="Resource Files\Coding Reference">
      <UniqueIdentifier>{89a71ddd-0e42-48b8-9393-69a159706f8a}</UniqueIdentifier>
    </Filter>
    <Filter Include="Header Files\Helios %282D Engine%29\Objects">
      <UniqueIdentifier>{07e1334a-66a4-4901-8a2a-349ecb710a87}</UniqueIdentifier>
    </Filter>
    <Filter Include="Header Files\Helios %282D Engine%29\Objects\Computer">
      <UniqueIdentifier>{b1abac0d-c231-4cb4-9b61-4c0cb1e33d70}</UniqueIdentifier>
    </Filter>
    <Filter Include="Header Files\Helios %282D Engine%29\Objects\Window">
      <UniqueIdentifier>{9f5b3dc4-adc1-41d2-8bc4-957fdab1d6ea}</UniqueIdentifier>
    </Filter>
    <Filter Include="Header Files\Helios %282D Engine%29\Main">
      <UniqueIdentifier>{23fb537b-0598-4cfe-92c4-9006176027e7}</UniqueIdentifier>
    </Filter>
    <Filter Include="Source Files\Helios %282D Engine%29\Main">
      <UniqueIdentifier>{15a728b2-95f5-464a-a1fd-0271cee4bf8e}</UniqueIdentifier>
    </Filter>
    <Filter Include="Source Files\Helios %282D Engine%29\Objects">
      <UniqueIdentifier>{bde306a5-75d1-46ef-941d-86af7d8b8dab}</UniqueIdentifier>
    </Filter>
    <Filter Include="Source Files\Helios %282D Engine%29\Objects\Window">
      <UniqueIdentifier>{8c3e34cc-f384-4ec1-bbd0-47ba517668fe}</UniqueIdentifier>
    </Filter>
    <Filter Include="Source Files\Helios %282D Engine%29\Objects\Computer">
      <UniqueIdentifier>{8b55d2e0-7ce9-49a1-93b4-bd40f5a75200}</UniqueIdentifier>
    </Filter>
    <Filter Include="Resource Files\Engine">
      <UniqueIdentifier>{71804018-d97c-4b06-bd75-f98625b4cbc4}</UniqueIdentifier>
    </Filter>
    <Filter Include="Header Files\Helios %282D Engine%29\Main\Components">
      <UniqueIdentifier>{56dc96fc-6003-40ec-b307-7cf14c02ac4c}</UniqueIdentifier>
    </Filter>
    <Filter Include="Source Files\Helios %282D Engine%29\Main\Components">
      <UniqueIdentifier>{e7b8e4c6-fe77-49c3-bd55-79b2af969a8a}</UniqueIdentifier>
    </Filter>
  </ItemGroup>
  <ItemGroup>
    <ClCompile Include="Code\main.cpp">
      <Filter>Source Files</Filter>
    </ClCompile>
    <ClCompile Include="Code\Engine\ppc_window.cpp">
      <Filter>Source Files\Helios %282D Engine%29\Objects\Window</Filter>
    </ClCompile>
    <ClCompile Include="Code\Engine\ppc_window_feature.cpp">
      <Filter>Source Files\Helios %282D Engine%29\Objects\Window</Filter>
    </ClCompile>
    <ClCompile Include="Code\Engine\ppc_computer.cpp">
      <Filter>Source Files\Helios %282D Engine%29\Objects\Computer</Filter>
    </ClCompile>
    <ClCompile Include="Code\Engine\ppc_entity.cpp">
      <Filter>Source Files\Helios %282D Engine%29\Main</Filter>
    </ClCompile>
    <ClCompile Include="Code\Engine\ppc_cmpnt_input.cpp">
      <Filter>Source Files\Helios %282D Engine%29\Main\Components</Filter>
    </ClCompile>
    <ClCompile Include="Code\Engine\renderSquare.cpp">
      <Filter>Source Files\Helios %282D Engine%29\Main</Filter>
    </ClCompile>
    <ClCompile Include="Code\Engine\testRenderSprite.cpp">
      <Filter>Source Files\Helios %282D Engine%29\Main</Filter>
    </ClCompile>
    <ClCompile Include="Code\Engine\ppc_component.cpp">
      <Filter>Source Files\Helios %282D Engine%29\Main</Filter>
    </ClCompile>
  </ItemGroup>
  <ItemGroup>
    <ClInclude Include="Code\Engine\ppc_computer.h">
      <Filter>Header Files\Helios %282D Engine%29\Objects\Computer</Filter>
    </ClInclude>
    <ClInclude Include="Code\Engine\ppc_window.h">
      <Filter>Header Files\Helios %282D Engine%29\Objects\Window</Filter>
    </ClInclude>
    <ClInclude Include="Code\Engine\ppc_window_feature.h">
      <Filter>Header Files\Helios %282D Engine%29\Objects\Window</Filter>
    </ClInclude>
    <ClInclude Include="Code\Engine\ppc_entity.h">
      <Filter>Header Files\Helios %282D Engine%29\Main</Filter>
    </ClInclude>
    <ClInclude Include="Code\Engine\ppc_world.h">
      <Filter>Header Files\Helios %282D Engine%29\Main</Filter>
    </ClInclude>
    <ClInclude Include="Code\Engine\ppc_component.h">
      <Filter>Header Files\Helios %282D Engine%29\Main</Filter>
    </ClInclude>
    <ClInclude Include="Code\Engine\ppc_cmpnt_input.h">
      <Filter>Header Files\Helios %282D Engine%29\Main\Components</Filter>
    </ClInclude>
    <ClInclude Include="Code\Engine\render_component.h">
      <Filter>Header Files\Helios %282D Engine%29\Main\Components</Filter>
    </ClInclude>
    <ClInclude Include="Code\Engine\renderSquare.h">
      <Filter>Header Files\Helios %282D Engine%29\Main</Filter>
    </ClInclude>
    <ClInclude Include="Code\Engine\testRenderSprite.h">
      <Filter>Header Files\Helios %282D Engine%29\Main</Filter>
    </ClInclude>
  </ItemGroup>
  <ItemGroup>
    <Text Include="Resources\Coding Reference\DoxygenHelp.txt">
      <Filter>Resource Files\Coding Reference</Filter>
    </Text>
    <Text Include="Resources\Coding Reference\LinkHelp.txt">
      <Filter>Resource Files\Coding Reference</Filter>
    </Text>
    <Text Include="Resources\Engine\EngineSettings.ini">
      <Filter>Resource Files\Engine</Filter>
    </Text>
  </ItemGroup>
</Project>